// !$*UTF8*$!
{
	archiveVersion = 1;
	classes = {
	};
	objectVersion = 46;
	objects = {

/* Begin PBXAggregateTarget section */
		16C04C1F1A853F6400DCDC26 /* Library */ = {
			isa = PBXAggregateTarget;
			buildConfigurationList = 16C04C201A853F6400DCDC26 /* Build configuration list for PBXAggregateTarget "Library" */;
			buildPhases = (
				16C04C251A853F8700DCDC26 /* Build library for each architecture */,
				16C04C2D1A85475500DCDC26 /* Build universal binary */,
				16D205331A85507100AFA87A /* Copy additional files to universal directory */,
				16D205351A85578F00AFA87A /* Remove product directories */,
			);
			dependencies = (
			);
			name = Library;
			productName = libSwissEphemeris;
		};
/* End PBXAggregateTarget section */

/* Begin PBXBuildFile section */
		1618104C1A878E4300708976 /* LICENSE.TXT in Resources */ = {isa = PBXBuildFile; fileRef = 160935FA1A7C14C6002D2782 /* LICENSE.TXT */; };
		1618104D1A878E4300708976 /* sepl_00.se1 in Resources */ = {isa = PBXBuildFile; fileRef = 16B89EC01A7BF1A000D5068B /* sepl_00.se1 */; };
		1618104E1A878E4300708976 /* sepl_06.se1 in Resources */ = {isa = PBXBuildFile; fileRef = 16B89EC11A7BF1A000D5068B /* sepl_06.se1 */; };
		1618104F1A878E4300708976 /* sepl_12.se1 in Resources */ = {isa = PBXBuildFile; fileRef = 16B89EC21A7BF1A000D5068B /* sepl_12.se1 */; };
		161810501A878E4300708976 /* sepl_18.se1 in Resources */ = {isa = PBXBuildFile; fileRef = 16B89EC31A7BF1A000D5068B /* sepl_18.se1 */; };
		161810511A878E4300708976 /* sepl_24.se1 in Resources */ = {isa = PBXBuildFile; fileRef = 16B89EC41A7BF1A000D5068B /* sepl_24.se1 */; };
		161810521A878E4300708976 /* sepl_30.se1 in Resources */ = {isa = PBXBuildFile; fileRef = 16B89EC51A7BF1A000D5068B /* sepl_30.se1 */; };
		161810531A878E4400708976 /* sepl_36.se1 in Resources */ = {isa = PBXBuildFile; fileRef = 16B89EC61A7BF1A000D5068B /* sepl_36.se1 */; };
		161810541A878E4400708976 /* sepl_42.se1 in Resources */ = {isa = PBXBuildFile; fileRef = 16B89EC71A7BF1A000D5068B /* sepl_42.se1 */; };
		161810551A878E4400708976 /* sepl_48.se1 in Resources */ = {isa = PBXBuildFile; fileRef = 16B89EC81A7BF1A000D5068B /* sepl_48.se1 */; };
		161810561A878E4400708976 /* sepl_54.se1 in Resources */ = {isa = PBXBuildFile; fileRef = 16B89EC91A7BF1A000D5068B /* sepl_54.se1 */; };
		161810571A878E4400708976 /* sepl_60.se1 in Resources */ = {isa = PBXBuildFile; fileRef = 16B89ECA1A7BF1A000D5068B /* sepl_60.se1 */; };
		161810581A878E4400708976 /* sepl_66.se1 in Resources */ = {isa = PBXBuildFile; fileRef = 16B89ECB1A7BF1A000D5068B /* sepl_66.se1 */; };
		161810591A878E4400708976 /* sepl_72.se1 in Resources */ = {isa = PBXBuildFile; fileRef = 16B89ECC1A7BF1A000D5068B /* sepl_72.se1 */; };
		1618105A1A878E4400708976 /* sepl_78.se1 in Resources */ = {isa = PBXBuildFile; fileRef = 16B89ECD1A7BF1A000D5068B /* sepl_78.se1 */; };
		1618105B1A878E4400708976 /* sepl_84.se1 in Resources */ = {isa = PBXBuildFile; fileRef = 16B89ECE1A7BF1A000D5068B /* sepl_84.se1 */; };
		1618105C1A878E4400708976 /* sepl_90.se1 in Resources */ = {isa = PBXBuildFile; fileRef = 16B89ECF1A7BF1A000D5068B /* sepl_90.se1 */; };
		1618105D1A878E4400708976 /* sepl_96.se1 in Resources */ = {isa = PBXBuildFile; fileRef = 16B89ED01A7BF1A000D5068B /* sepl_96.se1 */; };
		1618105E1A878E4400708976 /* sepl_102.se1 in Resources */ = {isa = PBXBuildFile; fileRef = 16B89ED11A7BF1A000D5068B /* sepl_102.se1 */; };
		1618105F1A878E4400708976 /* sepl_108.se1 in Resources */ = {isa = PBXBuildFile; fileRef = 16B89ED21A7BF1A000D5068B /* sepl_108.se1 */; };
		161810601A878E4400708976 /* sepl_114.se1 in Resources */ = {isa = PBXBuildFile; fileRef = 16B89ED31A7BF1A000D5068B /* sepl_114.se1 */; };
		161810611A878E4400708976 /* sepl_120.se1 in Resources */ = {isa = PBXBuildFile; fileRef = 16B89ED41A7BF1A000D5068B /* sepl_120.se1 */; };
		161810621A878E4400708976 /* sepl_126.se1 in Resources */ = {isa = PBXBuildFile; fileRef = 16B89ED51A7BF1A000D5068B /* sepl_126.se1 */; };
		161810631A878E4400708976 /* sepl_132.se1 in Resources */ = {isa = PBXBuildFile; fileRef = 16B89ED61A7BF1A000D5068B /* sepl_132.se1 */; };
		161810641A878E4400708976 /* sepl_138.se1 in Resources */ = {isa = PBXBuildFile; fileRef = 16B89ED71A7BF1A000D5068B /* sepl_138.se1 */; };
		161810651A878E4400708976 /* sepl_144.se1 in Resources */ = {isa = PBXBuildFile; fileRef = 16B89ED81A7BF1A000D5068B /* sepl_144.se1 */; };
		161810661A878E4400708976 /* sepl_150.se1 in Resources */ = {isa = PBXBuildFile; fileRef = 16B89ED91A7BF1A000D5068B /* sepl_150.se1 */; };
		161810671A878E4400708976 /* sepl_156.se1 in Resources */ = {isa = PBXBuildFile; fileRef = 16B89EDA1A7BF1A000D5068B /* sepl_156.se1 */; };
		161810681A878E4400708976 /* sepl_162.se1 in Resources */ = {isa = PBXBuildFile; fileRef = 16B89EDB1A7BF1A000D5068B /* sepl_162.se1 */; };
		161810691A878E4400708976 /* seplm06.se1 in Resources */ = {isa = PBXBuildFile; fileRef = 16B89EDC1A7BF1A000D5068B /* seplm06.se1 */; };
		1618106A1A878E4400708976 /* seplm12.se1 in Resources */ = {isa = PBXBuildFile; fileRef = 16B89EDD1A7BF1A000D5068B /* seplm12.se1 */; };
		1618106B1A878E4400708976 /* seplm18.se1 in Resources */ = {isa = PBXBuildFile; fileRef = 16B89EDE1A7BF1A000D5068B /* seplm18.se1 */; };
		1618106C1A878E4400708976 /* seplm24.se1 in Resources */ = {isa = PBXBuildFile; fileRef = 16B89EDF1A7BF1A000D5068B /* seplm24.se1 */; };
		1618106D1A878E4400708976 /* seplm30.se1 in Resources */ = {isa = PBXBuildFile; fileRef = 16B89EE01A7BF1A000D5068B /* seplm30.se1 */; };
		1618106E1A878E4400708976 /* seplm36.se1 in Resources */ = {isa = PBXBuildFile; fileRef = 16B89EE11A7BF1A000D5068B /* seplm36.se1 */; };
		1618106F1A878E4400708976 /* seplm42.se1 in Resources */ = {isa = PBXBuildFile; fileRef = 16B89EE21A7BF1A000D5068B /* seplm42.se1 */; };
		161810701A878E4400708976 /* seplm48.se1 in Resources */ = {isa = PBXBuildFile; fileRef = 16B89EE31A7BF1A000D5068B /* seplm48.se1 */; };
		161810711A878E4400708976 /* seplm54.se1 in Resources */ = {isa = PBXBuildFile; fileRef = 16B89EE41A7BF1A000D5068B /* seplm54.se1 */; };
		161810721A878E4400708976 /* seplm60.se1 in Resources */ = {isa = PBXBuildFile; fileRef = 16B89EE51A7BF1A000D5068B /* seplm60.se1 */; };
		161810731A878E4400708976 /* seplm66.se1 in Resources */ = {isa = PBXBuildFile; fileRef = 16B89EE61A7BF1A000D5068B /* seplm66.se1 */; };
		161810741A878E4400708976 /* seplm72.se1 in Resources */ = {isa = PBXBuildFile; fileRef = 16B89EE71A7BF1A000D5068B /* seplm72.se1 */; };
		161810751A878E4400708976 /* seplm78.se1 in Resources */ = {isa = PBXBuildFile; fileRef = 16B89EE81A7BF1A000D5068B /* seplm78.se1 */; };
		161810761A878E4400708976 /* seplm84.se1 in Resources */ = {isa = PBXBuildFile; fileRef = 16B89EE91A7BF1A000D5068B /* seplm84.se1 */; };
		161810771A878E4400708976 /* seplm90.se1 in Resources */ = {isa = PBXBuildFile; fileRef = 16B89EEA1A7BF1A000D5068B /* seplm90.se1 */; };
		161810781A878E4400708976 /* seplm96.se1 in Resources */ = {isa = PBXBuildFile; fileRef = 16B89EEB1A7BF1A000D5068B /* seplm96.se1 */; };
		161810791A878E4400708976 /* seplm102.se1 in Resources */ = {isa = PBXBuildFile; fileRef = 16B89EEC1A7BF1A000D5068B /* seplm102.se1 */; };
		1618107A1A878E4400708976 /* seplm108.se1 in Resources */ = {isa = PBXBuildFile; fileRef = 16B89EED1A7BF1A000D5068B /* seplm108.se1 */; };
		1618107B1A878E4400708976 /* seplm114.se1 in Resources */ = {isa = PBXBuildFile; fileRef = 16B89EEE1A7BF1A000D5068B /* seplm114.se1 */; };
		1618107C1A878E4400708976 /* seplm120.se1 in Resources */ = {isa = PBXBuildFile; fileRef = 16B89EEF1A7BF1A000D5068B /* seplm120.se1 */; };
		1618107D1A878E4400708976 /* seplm126.se1 in Resources */ = {isa = PBXBuildFile; fileRef = 16B89EF01A7BF1A000D5068B /* seplm126.se1 */; };
		1618107E1A878E4400708976 /* seplm132.se1 in Resources */ = {isa = PBXBuildFile; fileRef = 16B89EF11A7BF1A000D5068B /* seplm132.se1 */; };
		1618107F1A878E4400708976 /* semo_00.se1 in Resources */ = {isa = PBXBuildFile; fileRef = 16B89EF31A7BF1A000D5068B /* semo_00.se1 */; };
		161810801A878E4400708976 /* semo_06.se1 in Resources */ = {isa = PBXBuildFile; fileRef = 16B89EF41A7BF1A000D5068B /* semo_06.se1 */; };
		161810811A878E4400708976 /* semo_12.se1 in Resources */ = {isa = PBXBuildFile; fileRef = 16B89EF51A7BF1A000D5068B /* semo_12.se1 */; };
		161810821A878E4400708976 /* semo_18.se1 in Resources */ = {isa = PBXBuildFile; fileRef = 16B89EF61A7BF1A000D5068B /* semo_18.se1 */; };
		161810831A878E4400708976 /* semo_24.se1 in Resources */ = {isa = PBXBuildFile; fileRef = 16B89EF71A7BF1A000D5068B /* semo_24.se1 */; };
		161810841A878E4400708976 /* semo_30.se1 in Resources */ = {isa = PBXBuildFile; fileRef = 16B89EF81A7BF1A000D5068B /* semo_30.se1 */; };
		161810851A878E4400708976 /* semo_36.se1 in Resources */ = {isa = PBXBuildFile; fileRef = 16B89EF91A7BF1A000D5068B /* semo_36.se1 */; };
		161810861A878E4400708976 /* semo_42.se1 in Resources */ = {isa = PBXBuildFile; fileRef = 16B89EFA1A7BF1A000D5068B /* semo_42.se1 */; };
		161810871A878E4400708976 /* semo_48.se1 in Resources */ = {isa = PBXBuildFile; fileRef = 16B89EFB1A7BF1A000D5068B /* semo_48.se1 */; };
		161810881A878E4400708976 /* semo_54.se1 in Resources */ = {isa = PBXBuildFile; fileRef = 16B89EFC1A7BF1A000D5068B /* semo_54.se1 */; };
		161810891A878E4400708976 /* semo_60.se1 in Resources */ = {isa = PBXBuildFile; fileRef = 16B89EFD1A7BF1A000D5068B /* semo_60.se1 */; };
		1618108A1A878E4400708976 /* semo_66.se1 in Resources */ = {isa = PBXBuildFile; fileRef = 16B89EFE1A7BF1A000D5068B /* semo_66.se1 */; };
		1618108B1A878E4400708976 /* semo_72.se1 in Resources */ = {isa = PBXBuildFile; fileRef = 16B89EFF1A7BF1A000D5068B /* semo_72.se1 */; };
		1618108C1A878E4400708976 /* semo_78.se1 in Resources */ = {isa = PBXBuildFile; fileRef = 16B89F001A7BF1A000D5068B /* semo_78.se1 */; };
		1618108D1A878E4400708976 /* semo_84.se1 in Resources */ = {isa = PBXBuildFile; fileRef = 16B89F011A7BF1A000D5068B /* semo_84.se1 */; };
		1618108E1A878E4400708976 /* semo_90.se1 in Resources */ = {isa = PBXBuildFile; fileRef = 16B89F021A7BF1A000D5068B /* semo_90.se1 */; };
		1618108F1A878E4400708976 /* semo_96.se1 in Resources */ = {isa = PBXBuildFile; fileRef = 16B89F031A7BF1A000D5068B /* semo_96.se1 */; };
		161810901A878E4400708976 /* semo_102.se1 in Resources */ = {isa = PBXBuildFile; fileRef = 16B89F041A7BF1A000D5068B /* semo_102.se1 */; };
		161810911A878E4400708976 /* semo_108.se1 in Resources */ = {isa = PBXBuildFile; fileRef = 16B89F051A7BF1A000D5068B /* semo_108.se1 */; };
		161810921A878E4400708976 /* semo_114.se1 in Resources */ = {isa = PBXBuildFile; fileRef = 16B89F061A7BF1A000D5068B /* semo_114.se1 */; };
		161810931A878E4400708976 /* semo_120.se1 in Resources */ = {isa = PBXBuildFile; fileRef = 16B89F071A7BF1A000D5068B /* semo_120.se1 */; };
		161810941A878E4400708976 /* semo_126.se1 in Resources */ = {isa = PBXBuildFile; fileRef = 16B89F081A7BF1A000D5068B /* semo_126.se1 */; };
		161810951A878E4400708976 /* semo_132.se1 in Resources */ = {isa = PBXBuildFile; fileRef = 16B89F091A7BF1A000D5068B /* semo_132.se1 */; };
		161810961A878E4400708976 /* semo_138.se1 in Resources */ = {isa = PBXBuildFile; fileRef = 16B89F0A1A7BF1A000D5068B /* semo_138.se1 */; };
		161810971A878E4400708976 /* semo_144.se1 in Resources */ = {isa = PBXBuildFile; fileRef = 16B89F0B1A7BF1A000D5068B /* semo_144.se1 */; };
		161810981A878E4400708976 /* semo_150.se1 in Resources */ = {isa = PBXBuildFile; fileRef = 16B89F0C1A7BF1A000D5068B /* semo_150.se1 */; };
		161810991A878E4400708976 /* semo_156.se1 in Resources */ = {isa = PBXBuildFile; fileRef = 16B89F0D1A7BF1A000D5068B /* semo_156.se1 */; };
		1618109A1A878E4400708976 /* semo_162.se1 in Resources */ = {isa = PBXBuildFile; fileRef = 16B89F0E1A7BF1A000D5068B /* semo_162.se1 */; };
		1618109B1A878E4400708976 /* semom06.se1 in Resources */ = {isa = PBXBuildFile; fileRef = 16B89F0F1A7BF1A000D5068B /* semom06.se1 */; };
		1618109C1A878E4400708976 /* semom12.se1 in Resources */ = {isa = PBXBuildFile; fileRef = 16B89F101A7BF1A000D5068B /* semom12.se1 */; };
		1618109D1A878E4400708976 /* semom18.se1 in Resources */ = {isa = PBXBuildFile; fileRef = 16B89F111A7BF1A000D5068B /* semom18.se1 */; };
		1618109E1A878E4400708976 /* semom24.se1 in Resources */ = {isa = PBXBuildFile; fileRef = 16B89F121A7BF1A000D5068B /* semom24.se1 */; };
		1618109F1A878E4400708976 /* semom30.se1 in Resources */ = {isa = PBXBuildFile; fileRef = 16B89F131A7BF1A000D5068B /* semom30.se1 */; };
		161810A01A878E4400708976 /* semom36.se1 in Resources */ = {isa = PBXBuildFile; fileRef = 16B89F141A7BF1A000D5068B /* semom36.se1 */; };
		161810A11A878E4400708976 /* semom42.se1 in Resources */ = {isa = PBXBuildFile; fileRef = 16B89F151A7BF1A000D5068B /* semom42.se1 */; };
		161810A21A878E4400708976 /* semom48.se1 in Resources */ = {isa = PBXBuildFile; fileRef = 16B89F161A7BF1A000D5068B /* semom48.se1 */; };
		161810A31A878E4400708976 /* semom54.se1 in Resources */ = {isa = PBXBuildFile; fileRef = 16B89F171A7BF1A000D5068B /* semom54.se1 */; };
		161810A41A878E4400708976 /* semom60.se1 in Resources */ = {isa = PBXBuildFile; fileRef = 16B89F181A7BF1A000D5068B /* semom60.se1 */; };
		161810A51A878E4400708976 /* semom66.se1 in Resources */ = {isa = PBXBuildFile; fileRef = 16B89F191A7BF1A000D5068B /* semom66.se1 */; };
		161810A61A878E4400708976 /* semom72.se1 in Resources */ = {isa = PBXBuildFile; fileRef = 16B89F1A1A7BF1A000D5068B /* semom72.se1 */; };
		161810A71A878E4400708976 /* semom78.se1 in Resources */ = {isa = PBXBuildFile; fileRef = 16B89F1B1A7BF1A000D5068B /* semom78.se1 */; };
		161810A81A878E4400708976 /* semom84.se1 in Resources */ = {isa = PBXBuildFile; fileRef = 16B89F1C1A7BF1A000D5068B /* semom84.se1 */; };
		161810A91A878E4400708976 /* semom90.se1 in Resources */ = {isa = PBXBuildFile; fileRef = 16B89F1D1A7BF1A000D5068B /* semom90.se1 */; };
		161810AA1A878E4400708976 /* semom96.se1 in Resources */ = {isa = PBXBuildFile; fileRef = 16B89F1E1A7BF1A000D5068B /* semom96.se1 */; };
		161810AB1A878E4400708976 /* semom102.se1 in Resources */ = {isa = PBXBuildFile; fileRef = 16B89F1F1A7BF1A000D5068B /* semom102.se1 */; };
		161810AC1A878E4400708976 /* semom108.se1 in Resources */ = {isa = PBXBuildFile; fileRef = 16B89F201A7BF1A000D5068B /* semom108.se1 */; };
		161810AD1A878E4400708976 /* semom114.se1 in Resources */ = {isa = PBXBuildFile; fileRef = 16B89F211A7BF1A000D5068B /* semom114.se1 */; };
		161810AE1A878E4400708976 /* semom120.se1 in Resources */ = {isa = PBXBuildFile; fileRef = 16B89F221A7BF1A000D5068B /* semom120.se1 */; };
		161810AF1A878E4400708976 /* semom126.se1 in Resources */ = {isa = PBXBuildFile; fileRef = 16B89F231A7BF1A000D5068B /* semom126.se1 */; };
		161810B01A878E4400708976 /* semom132.se1 in Resources */ = {isa = PBXBuildFile; fileRef = 16B89F241A7BF1A000D5068B /* semom132.se1 */; };
		161810B11A878E4400708976 /* seasnam.txt in Resources */ = {isa = PBXBuildFile; fileRef = 16B89F261A7BF1A000D5068B /* seasnam.txt */; };
		161810B21A878E4400708976 /* seas_00.se1 in Resources */ = {isa = PBXBuildFile; fileRef = 16B89F271A7BF1A000D5068B /* seas_00.se1 */; };
		161810B31A878E4400708976 /* seas_06.se1 in Resources */ = {isa = PBXBuildFile; fileRef = 16B89F281A7BF1A000D5068B /* seas_06.se1 */; };
		161810B41A878E4400708976 /* seas_12.se1 in Resources */ = {isa = PBXBuildFile; fileRef = 16B89F291A7BF1A000D5068B /* seas_12.se1 */; };
		161810B51A878E4400708976 /* seas_18.se1 in Resources */ = {isa = PBXBuildFile; fileRef = 16B89F2A1A7BF1A000D5068B /* seas_18.se1 */; };
		161810B61A878E4400708976 /* seas_24.se1 in Resources */ = {isa = PBXBuildFile; fileRef = 16B89F2B1A7BF1A000D5068B /* seas_24.se1 */; };
		161810B71A878E4400708976 /* seas_30.se1 in Resources */ = {isa = PBXBuildFile; fileRef = 16B89F2C1A7BF1A000D5068B /* seas_30.se1 */; };
		161810B81A878E4400708976 /* seas_36.se1 in Resources */ = {isa = PBXBuildFile; fileRef = 16B89F2D1A7BF1A000D5068B /* seas_36.se1 */; };
		161810B91A878E4400708976 /* seas_42.se1 in Resources */ = {isa = PBXBuildFile; fileRef = 16B89F2E1A7BF1A000D5068B /* seas_42.se1 */; };
		161810BA1A878E4400708976 /* seas_48.se1 in Resources */ = {isa = PBXBuildFile; fileRef = 16B89F2F1A7BF1A000D5068B /* seas_48.se1 */; };
		161810BB1A878E4400708976 /* seas_54.se1 in Resources */ = {isa = PBXBuildFile; fileRef = 16B89F301A7BF1A000D5068B /* seas_54.se1 */; };
		161810BC1A878E4400708976 /* seas_60.se1 in Resources */ = {isa = PBXBuildFile; fileRef = 16B89F311A7BF1A000D5068B /* seas_60.se1 */; };
		161810BD1A878E4400708976 /* seas_66.se1 in Resources */ = {isa = PBXBuildFile; fileRef = 16B89F321A7BF1A000D5068B /* seas_66.se1 */; };
		161810BE1A878E4400708976 /* seas_72.se1 in Resources */ = {isa = PBXBuildFile; fileRef = 16B89F331A7BF1A000D5068B /* seas_72.se1 */; };
		161810BF1A878E4400708976 /* seas_78.se1 in Resources */ = {isa = PBXBuildFile; fileRef = 16B89F341A7BF1A000D5068B /* seas_78.se1 */; };
		161810C01A878E4400708976 /* seas_84.se1 in Resources */ = {isa = PBXBuildFile; fileRef = 16B89F351A7BF1A000D5068B /* seas_84.se1 */; };
		161810C11A878E4400708976 /* seas_90.se1 in Resources */ = {isa = PBXBuildFile; fileRef = 16B89F361A7BF1A000D5068B /* seas_90.se1 */; };
		161810C21A878E4400708976 /* seas_96.se1 in Resources */ = {isa = PBXBuildFile; fileRef = 16B89F371A7BF1A000D5068B /* seas_96.se1 */; };
		161810C31A878E4400708976 /* seas_102.se1 in Resources */ = {isa = PBXBuildFile; fileRef = 16B89F381A7BF1A000D5068B /* seas_102.se1 */; };
		161810C41A878E4400708976 /* seas_108.se1 in Resources */ = {isa = PBXBuildFile; fileRef = 16B89F391A7BF1A000D5068B /* seas_108.se1 */; };
		161810C51A878E4400708976 /* seas_114.se1 in Resources */ = {isa = PBXBuildFile; fileRef = 16B89F3A1A7BF1A000D5068B /* seas_114.se1 */; };
		161810C61A878E4400708976 /* seas_120.se1 in Resources */ = {isa = PBXBuildFile; fileRef = 16B89F3B1A7BF1A000D5068B /* seas_120.se1 */; };
		161810C71A878E4400708976 /* seas_126.se1 in Resources */ = {isa = PBXBuildFile; fileRef = 16B89F3C1A7BF1A000D5068B /* seas_126.se1 */; };
		161810C81A878E4400708976 /* seas_132.se1 in Resources */ = {isa = PBXBuildFile; fileRef = 16B89F3D1A7BF1A000D5068B /* seas_132.se1 */; };
		161810C91A878E4400708976 /* seas_138.se1 in Resources */ = {isa = PBXBuildFile; fileRef = 16B89F3E1A7BF1A000D5068B /* seas_138.se1 */; };
		161810CA1A878E4500708976 /* seas_144.se1 in Resources */ = {isa = PBXBuildFile; fileRef = 16B89F3F1A7BF1A000D5068B /* seas_144.se1 */; };
		161810CB1A878E4500708976 /* seas_150.se1 in Resources */ = {isa = PBXBuildFile; fileRef = 16B89F401A7BF1A000D5068B /* seas_150.se1 */; };
		161810CC1A878E4500708976 /* seas_156.se1 in Resources */ = {isa = PBXBuildFile; fileRef = 16B89F411A7BF1A000D5068B /* seas_156.se1 */; };
		161810CD1A878E4500708976 /* seas_162.se1 in Resources */ = {isa = PBXBuildFile; fileRef = 16B89F421A7BF1A000D5068B /* seas_162.se1 */; };
		161810CE1A878E4500708976 /* seasm06.se1 in Resources */ = {isa = PBXBuildFile; fileRef = 16B89F431A7BF1A000D5068B /* seasm06.se1 */; };
		161810CF1A878E4500708976 /* seasm12.se1 in Resources */ = {isa = PBXBuildFile; fileRef = 16B89F441A7BF1A000D5068B /* seasm12.se1 */; };
		161810D01A878E4500708976 /* seasm18.se1 in Resources */ = {isa = PBXBuildFile; fileRef = 16B89F451A7BF1A000D5068B /* seasm18.se1 */; };
		161810D11A878E4500708976 /* seasm24.se1 in Resources */ = {isa = PBXBuildFile; fileRef = 16B89F461A7BF1A000D5068B /* seasm24.se1 */; };
		161810D21A878E4500708976 /* seasm30.se1 in Resources */ = {isa = PBXBuildFile; fileRef = 16B89F471A7BF1A000D5068B /* seasm30.se1 */; };
		161810D31A878E4500708976 /* seasm36.se1 in Resources */ = {isa = PBXBuildFile; fileRef = 16B89F481A7BF1A000D5068B /* seasm36.se1 */; };
		161810D41A878E4500708976 /* seasm42.se1 in Resources */ = {isa = PBXBuildFile; fileRef = 16B89F491A7BF1A000D5068B /* seasm42.se1 */; };
		161810D51A878E4500708976 /* seasm48.se1 in Resources */ = {isa = PBXBuildFile; fileRef = 16B89F4A1A7BF1A000D5068B /* seasm48.se1 */; };
		161810D61A878E4500708976 /* seasm54.se1 in Resources */ = {isa = PBXBuildFile; fileRef = 16B89F4B1A7BF1A000D5068B /* seasm54.se1 */; };
		161810D71A878E4500708976 /* seasm60.se1 in Resources */ = {isa = PBXBuildFile; fileRef = 16B89F4C1A7BF1A000D5068B /* seasm60.se1 */; };
		161810D81A878E4500708976 /* seasm66.se1 in Resources */ = {isa = PBXBuildFile; fileRef = 16B89F4D1A7BF1A000D5068B /* seasm66.se1 */; };
		161810D91A878E4500708976 /* seasm72.se1 in Resources */ = {isa = PBXBuildFile; fileRef = 16B89F4E1A7BF1A000D5068B /* seasm72.se1 */; };
		161810DA1A878E4500708976 /* seasm78.se1 in Resources */ = {isa = PBXBuildFile; fileRef = 16B89F4F1A7BF1A000D5068B /* seasm78.se1 */; };
		161810DB1A878E4500708976 /* seasm84.se1 in Resources */ = {isa = PBXBuildFile; fileRef = 16B89F501A7BF1A000D5068B /* seasm84.se1 */; };
		161810DC1A878E4500708976 /* seasm90.se1 in Resources */ = {isa = PBXBuildFile; fileRef = 16B89F511A7BF1A000D5068B /* seasm90.se1 */; };
		161810DD1A878E4500708976 /* seasm96.se1 in Resources */ = {isa = PBXBuildFile; fileRef = 16B89F521A7BF1A000D5068B /* seasm96.se1 */; };
		161810DE1A878E4500708976 /* seasm102.se1 in Resources */ = {isa = PBXBuildFile; fileRef = 16B89F531A7BF1A000D5068B /* seasm102.se1 */; };
		161810DF1A878E4500708976 /* seasm108.se1 in Resources */ = {isa = PBXBuildFile; fileRef = 16B89F541A7BF1A000D5068B /* seasm108.se1 */; };
		161810E01A878E4500708976 /* seasm114.se1 in Resources */ = {isa = PBXBuildFile; fileRef = 16B89F551A7BF1A000D5068B /* seasm114.se1 */; };
		161810E11A878E4500708976 /* seasm120.se1 in Resources */ = {isa = PBXBuildFile; fileRef = 16B89F561A7BF1A000D5068B /* seasm120.se1 */; };
		161810E21A878E4500708976 /* seasm126.se1 in Resources */ = {isa = PBXBuildFile; fileRef = 16B89F571A7BF1A000D5068B /* seasm126.se1 */; };
		161810E31A878E4500708976 /* seasm132.se1 in Resources */ = {isa = PBXBuildFile; fileRef = 16B89F581A7BF1A000D5068B /* seasm132.se1 */; };
		161810E41A878E4500708976 /* se07066.se1 in Resources */ = {isa = PBXBuildFile; fileRef = 16B89F5A1A7BF1A000D5068B /* se07066.se1 */; };
		161810E51A878E4500708976 /* seorbel.txt in Resources */ = {isa = PBXBuildFile; fileRef = 16B89F5D1A7BF1A000D5068B /* seorbel.txt */; };
		161810E61A878E4500708976 /* fixstars.cat in Resources */ = {isa = PBXBuildFile; fileRef = 160935FD1A7C18FE002D2782 /* fixstars.cat */; };
		161810E71A878E4500708976 /* sefstars.txt in Resources */ = {isa = PBXBuildFile; fileRef = 16B89F5F1A7BF1A000D5068B /* sefstars.txt */; };
		161810E81A878E4500708976 /* sedeltat.txt.inactive in Resources */ = {isa = PBXBuildFile; fileRef = 160935FF1A7C1B38002D2782 /* sedeltat.txt.inactive */; };
		161810E91A878E4500708976 /* seleapsec.txt in Resources */ = {isa = PBXBuildFile; fileRef = 16B89F611A7BF1A000D5068B /* seleapsec.txt */; };
		161810EA1A878E5100708976 /* SwissEphGlue.h in Headers */ = {isa = PBXBuildFile; fileRef = 16B8A0121A7BF26900D5068B /* SwissEphGlue.h */; };
		161810EB1A878E5100708976 /* swedate.h in Headers */ = {isa = PBXBuildFile; fileRef = 16B8A0011A7BF26900D5068B /* swedate.h */; };
		161810EC1A878E5100708976 /* swehouse.h in Headers */ = {isa = PBXBuildFile; fileRef = 16B8A0041A7BF26900D5068B /* swehouse.h */; };
		161810ED1A878E5100708976 /* swejpl.h in Headers */ = {isa = PBXBuildFile; fileRef = 16B8A0061A7BF26900D5068B /* swejpl.h */; };
		161810EE1A878E5100708976 /* swenut2000a.h in Headers */ = {isa = PBXBuildFile; fileRef = 16B8A00A1A7BF26900D5068B /* swenut2000a.h */; };
		161810EF1A878E5100708976 /* sweodef.h in Headers */ = {isa = PBXBuildFile; fileRef = 16B8A00B1A7BF26900D5068B /* sweodef.h */; settings = {ATTRIBUTES = (Public, ); }; };
		161810F01A878E5100708976 /* swepcalc.h in Headers */ = {isa = PBXBuildFile; fileRef = 16B8A0441A7BF49000D5068B /* swepcalc.h */; settings = {ATTRIBUTES = (Public, ); }; };
		161810F11A878E5100708976 /* sweph.h in Headers */ = {isa = PBXBuildFile; fileRef = 16B8A00D1A7BF26900D5068B /* sweph.h */; };
		161810F21A878E5100708976 /* swephexp.h in Headers */ = {isa = PBXBuildFile; fileRef = 16B8A00E1A7BF26900D5068B /* swephexp.h */; settings = {ATTRIBUTES = (Public, ); }; };
		161810F31A878E5200708976 /* swephlib.h in Headers */ = {isa = PBXBuildFile; fileRef = 16B8A0101A7BF26900D5068B /* swephlib.h */; };
		161810F41A878E6700708976 /* SwissEphGlue.m in Sources */ = {isa = PBXBuildFile; fileRef = 16B8A0131A7BF26900D5068B /* SwissEphGlue.m */; };
		161810F51A878E7600708976 /* swecl.c in Sources */ = {isa = PBXBuildFile; fileRef = 16B89FFF1A7BF26900D5068B /* swecl.c */; settings = {COMPILER_FLAGS = "-w"; }; };
		161810F61A878E7600708976 /* swedate.c in Sources */ = {isa = PBXBuildFile; fileRef = 16B8A0001A7BF26900D5068B /* swedate.c */; settings = {COMPILER_FLAGS = "-w"; }; };
		161810F71A878E7600708976 /* swehel.c in Sources */ = {isa = PBXBuildFile; fileRef = 16B8A0021A7BF26900D5068B /* swehel.c */; settings = {COMPILER_FLAGS = "-w"; }; };
		161810F81A878E7600708976 /* swehouse.c in Sources */ = {isa = PBXBuildFile; fileRef = 16B8A0031A7BF26900D5068B /* swehouse.c */; settings = {COMPILER_FLAGS = "-w"; }; };
		161810F91A878E7600708976 /* swejpl.c in Sources */ = {isa = PBXBuildFile; fileRef = 16B8A0051A7BF26900D5068B /* swejpl.c */; settings = {COMPILER_FLAGS = "-w"; }; };
		161810FA1A878E7600708976 /* swemmoon.c in Sources */ = {isa = PBXBuildFile; fileRef = 16B8A0071A7BF26900D5068B /* swemmoon.c */; settings = {COMPILER_FLAGS = "-w"; }; };
		161810FB1A878E7600708976 /* swemplan.c in Sources */ = {isa = PBXBuildFile; fileRef = 16B8A0081A7BF26900D5068B /* swemplan.c */; settings = {COMPILER_FLAGS = "-w"; }; };
		161810FD1A878E7600708976 /* swepcalc.c in Sources */ = {isa = PBXBuildFile; fileRef = 16B8A0431A7BF49000D5068B /* swepcalc.c */; settings = {COMPILER_FLAGS = "-w"; }; };
		161810FE1A878E7600708976 /* sweph.c in Sources */ = {isa = PBXBuildFile; fileRef = 16B8A00C1A7BF26900D5068B /* sweph.c */; settings = {COMPILER_FLAGS = "-w"; }; };
		161810FF1A878E7600708976 /* swephlib.c in Sources */ = {isa = PBXBuildFile; fileRef = 16B8A00F1A7BF26900D5068B /* swephlib.c */; settings = {COMPILER_FLAGS = "-w"; }; };
		1618110F1A87A25700708976 /* UnexportedSymbols.exp in CopyFiles */ = {isa = PBXBuildFile; fileRef = 16FE28931A85871400F48032 /* UnexportedSymbols.exp */; };
		16C04C111A853C3E00DCDC26 /* swecl.c in Sources */ = {isa = PBXBuildFile; fileRef = 16B89FFF1A7BF26900D5068B /* swecl.c */; settings = {COMPILER_FLAGS = "-w"; }; };
		16C04C121A853C3E00DCDC26 /* swedate.c in Sources */ = {isa = PBXBuildFile; fileRef = 16B8A0001A7BF26900D5068B /* swedate.c */; settings = {COMPILER_FLAGS = "-w"; }; };
		16C04C131A853C3E00DCDC26 /* swehel.c in Sources */ = {isa = PBXBuildFile; fileRef = 16B8A0021A7BF26900D5068B /* swehel.c */; settings = {COMPILER_FLAGS = "-w"; }; };
		16C04C141A853C3E00DCDC26 /* swehouse.c in Sources */ = {isa = PBXBuildFile; fileRef = 16B8A0031A7BF26900D5068B /* swehouse.c */; settings = {COMPILER_FLAGS = "-w"; }; };
		16C04C151A853C3E00DCDC26 /* swejpl.c in Sources */ = {isa = PBXBuildFile; fileRef = 16B8A0051A7BF26900D5068B /* swejpl.c */; settings = {COMPILER_FLAGS = "-w"; }; };
		16C04C161A853C3E00DCDC26 /* swemmoon.c in Sources */ = {isa = PBXBuildFile; fileRef = 16B8A0071A7BF26900D5068B /* swemmoon.c */; settings = {COMPILER_FLAGS = "-w"; }; };
		16C04C171A853C3E00DCDC26 /* swemplan.c in Sources */ = {isa = PBXBuildFile; fileRef = 16B8A0081A7BF26900D5068B /* swemplan.c */; settings = {COMPILER_FLAGS = "-w"; }; };
		16C04C181A853C3E00DCDC26 /* swepcalc.c in Sources */ = {isa = PBXBuildFile; fileRef = 16B8A0431A7BF49000D5068B /* swepcalc.c */; settings = {COMPILER_FLAGS = "-w"; }; };
		16C04C191A853C3E00DCDC26 /* sweph.c in Sources */ = {isa = PBXBuildFile; fileRef = 16B8A00C1A7BF26900D5068B /* sweph.c */; settings = {COMPILER_FLAGS = "-w"; }; };
		16C04C1A1A853C3E00DCDC26 /* swephlib.c in Sources */ = {isa = PBXBuildFile; fileRef = 16B8A00F1A7BF26900D5068B /* swephlib.c */; settings = {COMPILER_FLAGS = "-w"; }; };
		16C04C1B1A853C4300DCDC26 /* SwissEphGlue.m in Sources */ = {isa = PBXBuildFile; fileRef = 16B8A0131A7BF26900D5068B /* SwissEphGlue.m */; };
		16C04C311A854A5300DCDC26 /* sweodef.h in CopyFiles */ = {isa = PBXBuildFile; fileRef = 16B8A00B1A7BF26900D5068B /* sweodef.h */; };
		16C04C321A854A5300DCDC26 /* swepcalc.h in CopyFiles */ = {isa = PBXBuildFile; fileRef = 16B8A0441A7BF49000D5068B /* swepcalc.h */; };
		16C04C331A854A5300DCDC26 /* swephexp.h in CopyFiles */ = {isa = PBXBuildFile; fileRef = 16B8A00E1A7BF26900D5068B /* swephexp.h */; };
/* End PBXBuildFile section */

/* Begin PBXCopyFilesBuildPhase section */
		16C04C2C1A85406900DCDC26 /* CopyFiles */ = {
			isa = PBXCopyFilesBuildPhase;
			buildActionMask = 2147483647;
			dstPath = "";
			dstSubfolderSpec = 16;
			files = (
				1618110F1A87A25700708976 /* UnexportedSymbols.exp in CopyFiles */,
				16C04C311A854A5300DCDC26 /* sweodef.h in CopyFiles */,
				16C04C321A854A5300DCDC26 /* swepcalc.h in CopyFiles */,
				16C04C331A854A5300DCDC26 /* swephexp.h in CopyFiles */,
			);
			runOnlyForDeploymentPostprocessing = 0;
		};
/* End PBXCopyFilesBuildPhase section */

/* Begin PBXFileReference section */
		160935FA1A7C14C6002D2782 /* LICENSE.TXT */ = {isa = PBXFileReference; fileEncoding = 4; lastKnownFileType = text; path = LICENSE.TXT; sourceTree = "<group>"; };
		160935FD1A7C18FE002D2782 /* fixstars.cat */ = {isa = PBXFileReference; fileEncoding = 4; lastKnownFileType = text; path = fixstars.cat; sourceTree = "<group>"; };
		160935FF1A7C1B38002D2782 /* sedeltat.txt.inactive */ = {isa = PBXFileReference; fileEncoding = 4; lastKnownFileType = text; path = sedeltat.txt.inactive; sourceTree = "<group>"; };
		161810331A878D4E00708976 /* SwissEphemeris.framework */ = {isa = PBXFileReference; explicitFileType = wrapper.framework; includeInIndex = 0; path = SwissEphemeris.framework; sourceTree = BUILT_PRODUCTS_DIR; };
		161810361A878D4E00708976 /* Info.plist */ = {isa = PBXFileReference; lastKnownFileType = text.plist.xml; path = Info.plist; sourceTree = "<group>"; };
		161811001A878EE600708976 /* SwissEphemeris.modulemap */ = {isa = PBXFileReference; lastKnownFileType = "sourcecode.module-map"; path = SwissEphemeris.modulemap; sourceTree = "<group>"; };
		16B89EC01A7BF1A000D5068B /* sepl_00.se1 */ = {isa = PBXFileReference; lastKnownFileType = file; path = sepl_00.se1; sourceTree = "<group>"; };
		16B89EC11A7BF1A000D5068B /* sepl_06.se1 */ = {isa = PBXFileReference; lastKnownFileType = file; path = sepl_06.se1; sourceTree = "<group>"; };
		16B89EC21A7BF1A000D5068B /* sepl_12.se1 */ = {isa = PBXFileReference; lastKnownFileType = file; path = sepl_12.se1; sourceTree = "<group>"; };
		16B89EC31A7BF1A000D5068B /* sepl_18.se1 */ = {isa = PBXFileReference; lastKnownFileType = file; path = sepl_18.se1; sourceTree = "<group>"; };
		16B89EC41A7BF1A000D5068B /* sepl_24.se1 */ = {isa = PBXFileReference; lastKnownFileType = file; path = sepl_24.se1; sourceTree = "<group>"; };
		16B89EC51A7BF1A000D5068B /* sepl_30.se1 */ = {isa = PBXFileReference; lastKnownFileType = file; path = sepl_30.se1; sourceTree = "<group>"; };
		16B89EC61A7BF1A000D5068B /* sepl_36.se1 */ = {isa = PBXFileReference; lastKnownFileType = file; path = sepl_36.se1; sourceTree = "<group>"; };
		16B89EC71A7BF1A000D5068B /* sepl_42.se1 */ = {isa = PBXFileReference; lastKnownFileType = file; path = sepl_42.se1; sourceTree = "<group>"; };
		16B89EC81A7BF1A000D5068B /* sepl_48.se1 */ = {isa = PBXFileReference; lastKnownFileType = file; path = sepl_48.se1; sourceTree = "<group>"; };
		16B89EC91A7BF1A000D5068B /* sepl_54.se1 */ = {isa = PBXFileReference; lastKnownFileType = file; path = sepl_54.se1; sourceTree = "<group>"; };
		16B89ECA1A7BF1A000D5068B /* sepl_60.se1 */ = {isa = PBXFileReference; lastKnownFileType = file; path = sepl_60.se1; sourceTree = "<group>"; };
		16B89ECB1A7BF1A000D5068B /* sepl_66.se1 */ = {isa = PBXFileReference; lastKnownFileType = file; path = sepl_66.se1; sourceTree = "<group>"; };
		16B89ECC1A7BF1A000D5068B /* sepl_72.se1 */ = {isa = PBXFileReference; lastKnownFileType = file; path = sepl_72.se1; sourceTree = "<group>"; };
		16B89ECD1A7BF1A000D5068B /* sepl_78.se1 */ = {isa = PBXFileReference; lastKnownFileType = file; path = sepl_78.se1; sourceTree = "<group>"; };
		16B89ECE1A7BF1A000D5068B /* sepl_84.se1 */ = {isa = PBXFileReference; lastKnownFileType = file; path = sepl_84.se1; sourceTree = "<group>"; };
		16B89ECF1A7BF1A000D5068B /* sepl_90.se1 */ = {isa = PBXFileReference; lastKnownFileType = file; path = sepl_90.se1; sourceTree = "<group>"; };
		16B89ED01A7BF1A000D5068B /* sepl_96.se1 */ = {isa = PBXFileReference; lastKnownFileType = file; path = sepl_96.se1; sourceTree = "<group>"; };
		16B89ED11A7BF1A000D5068B /* sepl_102.se1 */ = {isa = PBXFileReference; lastKnownFileType = file; path = sepl_102.se1; sourceTree = "<group>"; };
		16B89ED21A7BF1A000D5068B /* sepl_108.se1 */ = {isa = PBXFileReference; lastKnownFileType = file; path = sepl_108.se1; sourceTree = "<group>"; };
		16B89ED31A7BF1A000D5068B /* sepl_114.se1 */ = {isa = PBXFileReference; lastKnownFileType = file; path = sepl_114.se1; sourceTree = "<group>"; };
		16B89ED41A7BF1A000D5068B /* sepl_120.se1 */ = {isa = PBXFileReference; lastKnownFileType = file; path = sepl_120.se1; sourceTree = "<group>"; };
		16B89ED51A7BF1A000D5068B /* sepl_126.se1 */ = {isa = PBXFileReference; lastKnownFileType = file; path = sepl_126.se1; sourceTree = "<group>"; };
		16B89ED61A7BF1A000D5068B /* sepl_132.se1 */ = {isa = PBXFileReference; lastKnownFileType = file; path = sepl_132.se1; sourceTree = "<group>"; };
		16B89ED71A7BF1A000D5068B /* sepl_138.se1 */ = {isa = PBXFileReference; lastKnownFileType = file; path = sepl_138.se1; sourceTree = "<group>"; };
		16B89ED81A7BF1A000D5068B /* sepl_144.se1 */ = {isa = PBXFileReference; lastKnownFileType = file; path = sepl_144.se1; sourceTree = "<group>"; };
		16B89ED91A7BF1A000D5068B /* sepl_150.se1 */ = {isa = PBXFileReference; lastKnownFileType = file; path = sepl_150.se1; sourceTree = "<group>"; };
		16B89EDA1A7BF1A000D5068B /* sepl_156.se1 */ = {isa = PBXFileReference; lastKnownFileType = file; path = sepl_156.se1; sourceTree = "<group>"; };
		16B89EDB1A7BF1A000D5068B /* sepl_162.se1 */ = {isa = PBXFileReference; lastKnownFileType = file; path = sepl_162.se1; sourceTree = "<group>"; };
		16B89EDC1A7BF1A000D5068B /* seplm06.se1 */ = {isa = PBXFileReference; lastKnownFileType = file; path = seplm06.se1; sourceTree = "<group>"; };
		16B89EDD1A7BF1A000D5068B /* seplm12.se1 */ = {isa = PBXFileReference; lastKnownFileType = file; path = seplm12.se1; sourceTree = "<group>"; };
		16B89EDE1A7BF1A000D5068B /* seplm18.se1 */ = {isa = PBXFileReference; lastKnownFileType = file; path = seplm18.se1; sourceTree = "<group>"; };
		16B89EDF1A7BF1A000D5068B /* seplm24.se1 */ = {isa = PBXFileReference; lastKnownFileType = file; path = seplm24.se1; sourceTree = "<group>"; };
		16B89EE01A7BF1A000D5068B /* seplm30.se1 */ = {isa = PBXFileReference; lastKnownFileType = file; path = seplm30.se1; sourceTree = "<group>"; };
		16B89EE11A7BF1A000D5068B /* seplm36.se1 */ = {isa = PBXFileReference; lastKnownFileType = file; path = seplm36.se1; sourceTree = "<group>"; };
		16B89EE21A7BF1A000D5068B /* seplm42.se1 */ = {isa = PBXFileReference; lastKnownFileType = file; path = seplm42.se1; sourceTree = "<group>"; };
		16B89EE31A7BF1A000D5068B /* seplm48.se1 */ = {isa = PBXFileReference; lastKnownFileType = file; path = seplm48.se1; sourceTree = "<group>"; };
		16B89EE41A7BF1A000D5068B /* seplm54.se1 */ = {isa = PBXFileReference; lastKnownFileType = file; path = seplm54.se1; sourceTree = "<group>"; };
		16B89EE51A7BF1A000D5068B /* seplm60.se1 */ = {isa = PBXFileReference; lastKnownFileType = file; path = seplm60.se1; sourceTree = "<group>"; };
		16B89EE61A7BF1A000D5068B /* seplm66.se1 */ = {isa = PBXFileReference; lastKnownFileType = file; path = seplm66.se1; sourceTree = "<group>"; };
		16B89EE71A7BF1A000D5068B /* seplm72.se1 */ = {isa = PBXFileReference; lastKnownFileType = file; path = seplm72.se1; sourceTree = "<group>"; };
		16B89EE81A7BF1A000D5068B /* seplm78.se1 */ = {isa = PBXFileReference; lastKnownFileType = file; path = seplm78.se1; sourceTree = "<group>"; };
		16B89EE91A7BF1A000D5068B /* seplm84.se1 */ = {isa = PBXFileReference; lastKnownFileType = file; path = seplm84.se1; sourceTree = "<group>"; };
		16B89EEA1A7BF1A000D5068B /* seplm90.se1 */ = {isa = PBXFileReference; lastKnownFileType = file; path = seplm90.se1; sourceTree = "<group>"; };
		16B89EEB1A7BF1A000D5068B /* seplm96.se1 */ = {isa = PBXFileReference; lastKnownFileType = file; path = seplm96.se1; sourceTree = "<group>"; };
		16B89EEC1A7BF1A000D5068B /* seplm102.se1 */ = {isa = PBXFileReference; lastKnownFileType = file; path = seplm102.se1; sourceTree = "<group>"; };
		16B89EED1A7BF1A000D5068B /* seplm108.se1 */ = {isa = PBXFileReference; lastKnownFileType = file; path = seplm108.se1; sourceTree = "<group>"; };
		16B89EEE1A7BF1A000D5068B /* seplm114.se1 */ = {isa = PBXFileReference; lastKnownFileType = file; path = seplm114.se1; sourceTree = "<group>"; };
		16B89EEF1A7BF1A000D5068B /* seplm120.se1 */ = {isa = PBXFileReference; lastKnownFileType = file; path = seplm120.se1; sourceTree = "<group>"; };
		16B89EF01A7BF1A000D5068B /* seplm126.se1 */ = {isa = PBXFileReference; lastKnownFileType = file; path = seplm126.se1; sourceTree = "<group>"; };
		16B89EF11A7BF1A000D5068B /* seplm132.se1 */ = {isa = PBXFileReference; lastKnownFileType = file; path = seplm132.se1; sourceTree = "<group>"; };
		16B89EF31A7BF1A000D5068B /* semo_00.se1 */ = {isa = PBXFileReference; lastKnownFileType = file; path = semo_00.se1; sourceTree = "<group>"; };
		16B89EF41A7BF1A000D5068B /* semo_06.se1 */ = {isa = PBXFileReference; lastKnownFileType = file; path = semo_06.se1; sourceTree = "<group>"; };
		16B89EF51A7BF1A000D5068B /* semo_12.se1 */ = {isa = PBXFileReference; lastKnownFileType = file; path = semo_12.se1; sourceTree = "<group>"; };
		16B89EF61A7BF1A000D5068B /* semo_18.se1 */ = {isa = PBXFileReference; lastKnownFileType = file; path = semo_18.se1; sourceTree = "<group>"; };
		16B89EF71A7BF1A000D5068B /* semo_24.se1 */ = {isa = PBXFileReference; lastKnownFileType = file; path = semo_24.se1; sourceTree = "<group>"; };
		16B89EF81A7BF1A000D5068B /* semo_30.se1 */ = {isa = PBXFileReference; lastKnownFileType = file; path = semo_30.se1; sourceTree = "<group>"; };
		16B89EF91A7BF1A000D5068B /* semo_36.se1 */ = {isa = PBXFileReference; lastKnownFileType = file; path = semo_36.se1; sourceTree = "<group>"; };
		16B89EFA1A7BF1A000D5068B /* semo_42.se1 */ = {isa = PBXFileReference; lastKnownFileType = file; path = semo_42.se1; sourceTree = "<group>"; };
		16B89EFB1A7BF1A000D5068B /* semo_48.se1 */ = {isa = PBXFileReference; lastKnownFileType = file; path = semo_48.se1; sourceTree = "<group>"; };
		16B89EFC1A7BF1A000D5068B /* semo_54.se1 */ = {isa = PBXFileReference; lastKnownFileType = file; path = semo_54.se1; sourceTree = "<group>"; };
		16B89EFD1A7BF1A000D5068B /* semo_60.se1 */ = {isa = PBXFileReference; lastKnownFileType = file; path = semo_60.se1; sourceTree = "<group>"; };
		16B89EFE1A7BF1A000D5068B /* semo_66.se1 */ = {isa = PBXFileReference; lastKnownFileType = file; path = semo_66.se1; sourceTree = "<group>"; };
		16B89EFF1A7BF1A000D5068B /* semo_72.se1 */ = {isa = PBXFileReference; lastKnownFileType = file; path = semo_72.se1; sourceTree = "<group>"; };
		16B89F001A7BF1A000D5068B /* semo_78.se1 */ = {isa = PBXFileReference; lastKnownFileType = file; path = semo_78.se1; sourceTree = "<group>"; };
		16B89F011A7BF1A000D5068B /* semo_84.se1 */ = {isa = PBXFileReference; lastKnownFileType = file; path = semo_84.se1; sourceTree = "<group>"; };
		16B89F021A7BF1A000D5068B /* semo_90.se1 */ = {isa = PBXFileReference; lastKnownFileType = file; path = semo_90.se1; sourceTree = "<group>"; };
		16B89F031A7BF1A000D5068B /* semo_96.se1 */ = {isa = PBXFileReference; lastKnownFileType = file; path = semo_96.se1; sourceTree = "<group>"; };
		16B89F041A7BF1A000D5068B /* semo_102.se1 */ = {isa = PBXFileReference; lastKnownFileType = file; path = semo_102.se1; sourceTree = "<group>"; };
		16B89F051A7BF1A000D5068B /* semo_108.se1 */ = {isa = PBXFileReference; lastKnownFileType = file; path = semo_108.se1; sourceTree = "<group>"; };
		16B89F061A7BF1A000D5068B /* semo_114.se1 */ = {isa = PBXFileReference; lastKnownFileType = file; path = semo_114.se1; sourceTree = "<group>"; };
		16B89F071A7BF1A000D5068B /* semo_120.se1 */ = {isa = PBXFileReference; lastKnownFileType = file; path = semo_120.se1; sourceTree = "<group>"; };
		16B89F081A7BF1A000D5068B /* semo_126.se1 */ = {isa = PBXFileReference; lastKnownFileType = file; path = semo_126.se1; sourceTree = "<group>"; };
		16B89F091A7BF1A000D5068B /* semo_132.se1 */ = {isa = PBXFileReference; lastKnownFileType = file; path = semo_132.se1; sourceTree = "<group>"; };
		16B89F0A1A7BF1A000D5068B /* semo_138.se1 */ = {isa = PBXFileReference; lastKnownFileType = file; path = semo_138.se1; sourceTree = "<group>"; };
		16B89F0B1A7BF1A000D5068B /* semo_144.se1 */ = {isa = PBXFileReference; lastKnownFileType = file; path = semo_144.se1; sourceTree = "<group>"; };
		16B89F0C1A7BF1A000D5068B /* semo_150.se1 */ = {isa = PBXFileReference; lastKnownFileType = file; path = semo_150.se1; sourceTree = "<group>"; };
		16B89F0D1A7BF1A000D5068B /* semo_156.se1 */ = {isa = PBXFileReference; lastKnownFileType = file; path = semo_156.se1; sourceTree = "<group>"; };
		16B89F0E1A7BF1A000D5068B /* semo_162.se1 */ = {isa = PBXFileReference; lastKnownFileType = file; path = semo_162.se1; sourceTree = "<group>"; };
		16B89F0F1A7BF1A000D5068B /* semom06.se1 */ = {isa = PBXFileReference; lastKnownFileType = file; path = semom06.se1; sourceTree = "<group>"; };
		16B89F101A7BF1A000D5068B /* semom12.se1 */ = {isa = PBXFileReference; lastKnownFileType = file; path = semom12.se1; sourceTree = "<group>"; };
		16B89F111A7BF1A000D5068B /* semom18.se1 */ = {isa = PBXFileReference; lastKnownFileType = file; path = semom18.se1; sourceTree = "<group>"; };
		16B89F121A7BF1A000D5068B /* semom24.se1 */ = {isa = PBXFileReference; lastKnownFileType = file; path = semom24.se1; sourceTree = "<group>"; };
		16B89F131A7BF1A000D5068B /* semom30.se1 */ = {isa = PBXFileReference; lastKnownFileType = file; path = semom30.se1; sourceTree = "<group>"; };
		16B89F141A7BF1A000D5068B /* semom36.se1 */ = {isa = PBXFileReference; lastKnownFileType = file; path = semom36.se1; sourceTree = "<group>"; };
		16B89F151A7BF1A000D5068B /* semom42.se1 */ = {isa = PBXFileReference; lastKnownFileType = file; path = semom42.se1; sourceTree = "<group>"; };
		16B89F161A7BF1A000D5068B /* semom48.se1 */ = {isa = PBXFileReference; lastKnownFileType = file; path = semom48.se1; sourceTree = "<group>"; };
		16B89F171A7BF1A000D5068B /* semom54.se1 */ = {isa = PBXFileReference; lastKnownFileType = file; path = semom54.se1; sourceTree = "<group>"; };
		16B89F181A7BF1A000D5068B /* semom60.se1 */ = {isa = PBXFileReference; lastKnownFileType = file; path = semom60.se1; sourceTree = "<group>"; };
		16B89F191A7BF1A000D5068B /* semom66.se1 */ = {isa = PBXFileReference; lastKnownFileType = file; path = semom66.se1; sourceTree = "<group>"; };
		16B89F1A1A7BF1A000D5068B /* semom72.se1 */ = {isa = PBXFileReference; lastKnownFileType = file; path = semom72.se1; sourceTree = "<group>"; };
		16B89F1B1A7BF1A000D5068B /* semom78.se1 */ = {isa = PBXFileReference; lastKnownFileType = file; path = semom78.se1; sourceTree = "<group>"; };
		16B89F1C1A7BF1A000D5068B /* semom84.se1 */ = {isa = PBXFileReference; lastKnownFileType = file; path = semom84.se1; sourceTree = "<group>"; };
		16B89F1D1A7BF1A000D5068B /* semom90.se1 */ = {isa = PBXFileReference; lastKnownFileType = file; path = semom90.se1; sourceTree = "<group>"; };
		16B89F1E1A7BF1A000D5068B /* semom96.se1 */ = {isa = PBXFileReference; lastKnownFileType = file; path = semom96.se1; sourceTree = "<group>"; };
		16B89F1F1A7BF1A000D5068B /* semom102.se1 */ = {isa = PBXFileReference; lastKnownFileType = file; path = semom102.se1; sourceTree = "<group>"; };
		16B89F201A7BF1A000D5068B /* semom108.se1 */ = {isa = PBXFileReference; lastKnownFileType = file; path = semom108.se1; sourceTree = "<group>"; };
		16B89F211A7BF1A000D5068B /* semom114.se1 */ = {isa = PBXFileReference; lastKnownFileType = file; path = semom114.se1; sourceTree = "<group>"; };
		16B89F221A7BF1A000D5068B /* semom120.se1 */ = {isa = PBXFileReference; lastKnownFileType = file; path = semom120.se1; sourceTree = "<group>"; };
		16B89F231A7BF1A000D5068B /* semom126.se1 */ = {isa = PBXFileReference; lastKnownFileType = file; path = semom126.se1; sourceTree = "<group>"; };
		16B89F241A7BF1A000D5068B /* semom132.se1 */ = {isa = PBXFileReference; lastKnownFileType = file; path = semom132.se1; sourceTree = "<group>"; };
		16B89F261A7BF1A000D5068B /* seasnam.txt */ = {isa = PBXFileReference; fileEncoding = 4; lastKnownFileType = text; path = seasnam.txt; sourceTree = "<group>"; };
		16B89F271A7BF1A000D5068B /* seas_00.se1 */ = {isa = PBXFileReference; lastKnownFileType = file; path = seas_00.se1; sourceTree = "<group>"; };
		16B89F281A7BF1A000D5068B /* seas_06.se1 */ = {isa = PBXFileReference; lastKnownFileType = file; path = seas_06.se1; sourceTree = "<group>"; };
		16B89F291A7BF1A000D5068B /* seas_12.se1 */ = {isa = PBXFileReference; lastKnownFileType = file; path = seas_12.se1; sourceTree = "<group>"; };
		16B89F2A1A7BF1A000D5068B /* seas_18.se1 */ = {isa = PBXFileReference; lastKnownFileType = file; path = seas_18.se1; sourceTree = "<group>"; };
		16B89F2B1A7BF1A000D5068B /* seas_24.se1 */ = {isa = PBXFileReference; lastKnownFileType = file; path = seas_24.se1; sourceTree = "<group>"; };
		16B89F2C1A7BF1A000D5068B /* seas_30.se1 */ = {isa = PBXFileReference; lastKnownFileType = file; path = seas_30.se1; sourceTree = "<group>"; };
		16B89F2D1A7BF1A000D5068B /* seas_36.se1 */ = {isa = PBXFileReference; lastKnownFileType = file; path = seas_36.se1; sourceTree = "<group>"; };
		16B89F2E1A7BF1A000D5068B /* seas_42.se1 */ = {isa = PBXFileReference; lastKnownFileType = file; path = seas_42.se1; sourceTree = "<group>"; };
		16B89F2F1A7BF1A000D5068B /* seas_48.se1 */ = {isa = PBXFileReference; lastKnownFileType = file; path = seas_48.se1; sourceTree = "<group>"; };
		16B89F301A7BF1A000D5068B /* seas_54.se1 */ = {isa = PBXFileReference; lastKnownFileType = file; path = seas_54.se1; sourceTree = "<group>"; };
		16B89F311A7BF1A000D5068B /* seas_60.se1 */ = {isa = PBXFileReference; lastKnownFileType = file; path = seas_60.se1; sourceTree = "<group>"; };
		16B89F321A7BF1A000D5068B /* seas_66.se1 */ = {isa = PBXFileReference; lastKnownFileType = file; path = seas_66.se1; sourceTree = "<group>"; };
		16B89F331A7BF1A000D5068B /* seas_72.se1 */ = {isa = PBXFileReference; lastKnownFileType = file; path = seas_72.se1; sourceTree = "<group>"; };
		16B89F341A7BF1A000D5068B /* seas_78.se1 */ = {isa = PBXFileReference; lastKnownFileType = file; path = seas_78.se1; sourceTree = "<group>"; };
		16B89F351A7BF1A000D5068B /* seas_84.se1 */ = {isa = PBXFileReference; lastKnownFileType = file; path = seas_84.se1; sourceTree = "<group>"; };
		16B89F361A7BF1A000D5068B /* seas_90.se1 */ = {isa = PBXFileReference; lastKnownFileType = file; path = seas_90.se1; sourceTree = "<group>"; };
		16B89F371A7BF1A000D5068B /* seas_96.se1 */ = {isa = PBXFileReference; lastKnownFileType = file; path = seas_96.se1; sourceTree = "<group>"; };
		16B89F381A7BF1A000D5068B /* seas_102.se1 */ = {isa = PBXFileReference; lastKnownFileType = file; path = seas_102.se1; sourceTree = "<group>"; };
		16B89F391A7BF1A000D5068B /* seas_108.se1 */ = {isa = PBXFileReference; lastKnownFileType = file; path = seas_108.se1; sourceTree = "<group>"; };
		16B89F3A1A7BF1A000D5068B /* seas_114.se1 */ = {isa = PBXFileReference; lastKnownFileType = file; path = seas_114.se1; sourceTree = "<group>"; };
		16B89F3B1A7BF1A000D5068B /* seas_120.se1 */ = {isa = PBXFileReference; lastKnownFileType = file; path = seas_120.se1; sourceTree = "<group>"; };
		16B89F3C1A7BF1A000D5068B /* seas_126.se1 */ = {isa = PBXFileReference; lastKnownFileType = file; path = seas_126.se1; sourceTree = "<group>"; };
		16B89F3D1A7BF1A000D5068B /* seas_132.se1 */ = {isa = PBXFileReference; lastKnownFileType = file; path = seas_132.se1; sourceTree = "<group>"; };
		16B89F3E1A7BF1A000D5068B /* seas_138.se1 */ = {isa = PBXFileReference; lastKnownFileType = file; path = seas_138.se1; sourceTree = "<group>"; };
		16B89F3F1A7BF1A000D5068B /* seas_144.se1 */ = {isa = PBXFileReference; lastKnownFileType = file; path = seas_144.se1; sourceTree = "<group>"; };
		16B89F401A7BF1A000D5068B /* seas_150.se1 */ = {isa = PBXFileReference; lastKnownFileType = file; path = seas_150.se1; sourceTree = "<group>"; };
		16B89F411A7BF1A000D5068B /* seas_156.se1 */ = {isa = PBXFileReference; lastKnownFileType = file; path = seas_156.se1; sourceTree = "<group>"; };
		16B89F421A7BF1A000D5068B /* seas_162.se1 */ = {isa = PBXFileReference; lastKnownFileType = file; path = seas_162.se1; sourceTree = "<group>"; };
		16B89F431A7BF1A000D5068B /* seasm06.se1 */ = {isa = PBXFileReference; lastKnownFileType = file; path = seasm06.se1; sourceTree = "<group>"; };
		16B89F441A7BF1A000D5068B /* seasm12.se1 */ = {isa = PBXFileReference; lastKnownFileType = file; path = seasm12.se1; sourceTree = "<group>"; };
		16B89F451A7BF1A000D5068B /* seasm18.se1 */ = {isa = PBXFileReference; lastKnownFileType = file; path = seasm18.se1; sourceTree = "<group>"; };
		16B89F461A7BF1A000D5068B /* seasm24.se1 */ = {isa = PBXFileReference; lastKnownFileType = file; path = seasm24.se1; sourceTree = "<group>"; };
		16B89F471A7BF1A000D5068B /* seasm30.se1 */ = {isa = PBXFileReference; lastKnownFileType = file; path = seasm30.se1; sourceTree = "<group>"; };
		16B89F481A7BF1A000D5068B /* seasm36.se1 */ = {isa = PBXFileReference; lastKnownFileType = file; path = seasm36.se1; sourceTree = "<group>"; };
		16B89F491A7BF1A000D5068B /* seasm42.se1 */ = {isa = PBXFileReference; lastKnownFileType = file; path = seasm42.se1; sourceTree = "<group>"; };
		16B89F4A1A7BF1A000D5068B /* seasm48.se1 */ = {isa = PBXFileReference; lastKnownFileType = file; path = seasm48.se1; sourceTree = "<group>"; };
		16B89F4B1A7BF1A000D5068B /* seasm54.se1 */ = {isa = PBXFileReference; lastKnownFileType = file; path = seasm54.se1; sourceTree = "<group>"; };
		16B89F4C1A7BF1A000D5068B /* seasm60.se1 */ = {isa = PBXFileReference; lastKnownFileType = file; path = seasm60.se1; sourceTree = "<group>"; };
		16B89F4D1A7BF1A000D5068B /* seasm66.se1 */ = {isa = PBXFileReference; lastKnownFileType = file; path = seasm66.se1; sourceTree = "<group>"; };
		16B89F4E1A7BF1A000D5068B /* seasm72.se1 */ = {isa = PBXFileReference; lastKnownFileType = file; path = seasm72.se1; sourceTree = "<group>"; };
		16B89F4F1A7BF1A000D5068B /* seasm78.se1 */ = {isa = PBXFileReference; lastKnownFileType = file; path = seasm78.se1; sourceTree = "<group>"; };
		16B89F501A7BF1A000D5068B /* seasm84.se1 */ = {isa = PBXFileReference; lastKnownFileType = file; path = seasm84.se1; sourceTree = "<group>"; };
		16B89F511A7BF1A000D5068B /* seasm90.se1 */ = {isa = PBXFileReference; lastKnownFileType = file; path = seasm90.se1; sourceTree = "<group>"; };
		16B89F521A7BF1A000D5068B /* seasm96.se1 */ = {isa = PBXFileReference; lastKnownFileType = file; path = seasm96.se1; sourceTree = "<group>"; };
		16B89F531A7BF1A000D5068B /* seasm102.se1 */ = {isa = PBXFileReference; lastKnownFileType = file; path = seasm102.se1; sourceTree = "<group>"; };
		16B89F541A7BF1A000D5068B /* seasm108.se1 */ = {isa = PBXFileReference; lastKnownFileType = file; path = seasm108.se1; sourceTree = "<group>"; };
		16B89F551A7BF1A000D5068B /* seasm114.se1 */ = {isa = PBXFileReference; lastKnownFileType = file; path = seasm114.se1; sourceTree = "<group>"; };
		16B89F561A7BF1A000D5068B /* seasm120.se1 */ = {isa = PBXFileReference; lastKnownFileType = file; path = seasm120.se1; sourceTree = "<group>"; };
		16B89F571A7BF1A000D5068B /* seasm126.se1 */ = {isa = PBXFileReference; lastKnownFileType = file; path = seasm126.se1; sourceTree = "<group>"; };
		16B89F581A7BF1A000D5068B /* seasm132.se1 */ = {isa = PBXFileReference; lastKnownFileType = file; path = seasm132.se1; sourceTree = "<group>"; };
		16B89F5A1A7BF1A000D5068B /* se07066.se1 */ = {isa = PBXFileReference; lastKnownFileType = file; path = se07066.se1; sourceTree = "<group>"; };
		16B89F5D1A7BF1A000D5068B /* seorbel.txt */ = {isa = PBXFileReference; fileEncoding = 4; lastKnownFileType = text; path = seorbel.txt; sourceTree = "<group>"; };
		16B89F5F1A7BF1A000D5068B /* sefstars.txt */ = {isa = PBXFileReference; fileEncoding = 4; lastKnownFileType = text; path = sefstars.txt; sourceTree = "<group>"; };
		16B89F611A7BF1A000D5068B /* seleapsec.txt */ = {isa = PBXFileReference; fileEncoding = 4; lastKnownFileType = text; path = seleapsec.txt; sourceTree = "<group>"; };
		16B89FFF1A7BF26900D5068B /* swecl.c */ = {isa = PBXFileReference; fileEncoding = 4; lastKnownFileType = sourcecode.c.c; path = swecl.c; sourceTree = "<group>"; };
		16B8A0001A7BF26900D5068B /* swedate.c */ = {isa = PBXFileReference; fileEncoding = 4; lastKnownFileType = sourcecode.c.c; path = swedate.c; sourceTree = "<group>"; };
		16B8A0011A7BF26900D5068B /* swedate.h */ = {isa = PBXFileReference; fileEncoding = 4; lastKnownFileType = sourcecode.c.h; path = swedate.h; sourceTree = "<group>"; };
		16B8A0021A7BF26900D5068B /* swehel.c */ = {isa = PBXFileReference; fileEncoding = 4; lastKnownFileType = sourcecode.c.c; path = swehel.c; sourceTree = "<group>"; };
		16B8A0031A7BF26900D5068B /* swehouse.c */ = {isa = PBXFileReference; fileEncoding = 4; lastKnownFileType = sourcecode.c.c; path = swehouse.c; sourceTree = "<group>"; };
		16B8A0041A7BF26900D5068B /* swehouse.h */ = {isa = PBXFileReference; fileEncoding = 4; lastKnownFileType = sourcecode.c.h; path = swehouse.h; sourceTree = "<group>"; };
		16B8A0051A7BF26900D5068B /* swejpl.c */ = {isa = PBXFileReference; fileEncoding = 4; lastKnownFileType = sourcecode.c.c; path = swejpl.c; sourceTree = "<group>"; };
		16B8A0061A7BF26900D5068B /* swejpl.h */ = {isa = PBXFileReference; fileEncoding = 4; lastKnownFileType = sourcecode.c.h; path = swejpl.h; sourceTree = "<group>"; };
		16B8A0071A7BF26900D5068B /* swemmoon.c */ = {isa = PBXFileReference; fileEncoding = 4; lastKnownFileType = sourcecode.c.c; path = swemmoon.c; sourceTree = "<group>"; };
		16B8A0081A7BF26900D5068B /* swemplan.c */ = {isa = PBXFileReference; fileEncoding = 4; lastKnownFileType = sourcecode.c.c; path = swemplan.c; sourceTree = "<group>"; };
		16B8A0091A7BF26900D5068B /* swemptab.c */ = {isa = PBXFileReference; fileEncoding = 4; lastKnownFileType = sourcecode.c.c; path = swemptab.c; sourceTree = "<group>"; };
		16B8A00A1A7BF26900D5068B /* swenut2000a.h */ = {isa = PBXFileReference; fileEncoding = 4; lastKnownFileType = sourcecode.c.h; path = swenut2000a.h; sourceTree = "<group>"; };
		16B8A00B1A7BF26900D5068B /* sweodef.h */ = {isa = PBXFileReference; fileEncoding = 4; lastKnownFileType = sourcecode.c.h; path = sweodef.h; sourceTree = "<group>"; };
		16B8A00C1A7BF26900D5068B /* sweph.c */ = {isa = PBXFileReference; fileEncoding = 4; lastKnownFileType = sourcecode.c.c; path = sweph.c; sourceTree = "<group>"; };
		16B8A00D1A7BF26900D5068B /* sweph.h */ = {isa = PBXFileReference; fileEncoding = 4; lastKnownFileType = sourcecode.c.h; path = sweph.h; sourceTree = "<group>"; };
		16B8A00E1A7BF26900D5068B /* swephexp.h */ = {isa = PBXFileReference; fileEncoding = 4; lastKnownFileType = sourcecode.c.h; path = swephexp.h; sourceTree = "<group>"; };
		16B8A00F1A7BF26900D5068B /* swephlib.c */ = {isa = PBXFileReference; fileEncoding = 4; lastKnownFileType = sourcecode.c.c; path = swephlib.c; sourceTree = "<group>"; };
		16B8A0101A7BF26900D5068B /* swephlib.h */ = {isa = PBXFileReference; fileEncoding = 4; lastKnownFileType = sourcecode.c.h; path = swephlib.h; sourceTree = "<group>"; };
		16B8A0121A7BF26900D5068B /* SwissEphGlue.h */ = {isa = PBXFileReference; fileEncoding = 4; lastKnownFileType = sourcecode.c.h; name = SwissEphGlue.h; path = SwissEphemeris/SwissEphGlue.h; sourceTree = "<group>"; };
		16B8A0131A7BF26900D5068B /* SwissEphGlue.m */ = {isa = PBXFileReference; fileEncoding = 4; lastKnownFileType = sourcecode.c.objc; name = SwissEphGlue.m; path = SwissEphemeris/SwissEphGlue.m; sourceTree = "<group>"; };
		16B8A0431A7BF49000D5068B /* swepcalc.c */ = {isa = PBXFileReference; fileEncoding = 4; lastKnownFileType = sourcecode.c.c; path = swepcalc.c; sourceTree = "<group>"; };
		16B8A0441A7BF49000D5068B /* swepcalc.h */ = {isa = PBXFileReference; fileEncoding = 4; lastKnownFileType = sourcecode.c.h; path = swepcalc.h; sourceTree = "<group>"; };
		16C04BFA1A853B8B00DCDC26 /* libSwissEphemeris.a */ = {isa = PBXFileReference; explicitFileType = archive.ar; includeInIndex = 0; path = libSwissEphemeris.a; sourceTree = BUILT_PRODUCTS_DIR; };
		16FE28931A85871400F48032 /* UnexportedSymbols.exp */ = {isa = PBXFileReference; fileEncoding = 4; lastKnownFileType = sourcecode.exports; path = UnexportedSymbols.exp; sourceTree = "<group>"; };
/* End PBXFileReference section */

/* Begin PBXFrameworksBuildPhase section */
		1618102F1A878D4E00708976 /* Frameworks */ = {
			isa = PBXFrameworksBuildPhase;
			buildActionMask = 2147483647;
			files = (
			);
			runOnlyForDeploymentPostprocessing = 0;
		};
/* End PBXFrameworksBuildPhase section */

/* Begin PBXGroup section */
		160936011A7C1B3D002D2782 /* Delta T */ = {
			isa = PBXGroup;
			children = (
				160935FF1A7C1B38002D2782 /* sedeltat.txt.inactive */,
			);
			name = "Delta T";
			sourceTree = "<group>";
		};
		16B89E9A1A7BF08000D5068B = {
			isa = PBXGroup;
			children = (
				16B8A0121A7BF26900D5068B /* SwissEphGlue.h */,
				16B8A0131A7BF26900D5068B /* SwissEphGlue.m */,
				16B89EA61A7BF08000D5068B /* SwissEph */,
				16B89F631A7BF1A000D5068B /* Data */,
				16B89EA71A7BF08000D5068B /* Supporting Files */,
				16B89EA51A7BF08000D5068B /* Products */,
			);
			sourceTree = "<group>";
		};
		16B89EA51A7BF08000D5068B /* Products */ = {
			isa = PBXGroup;
			children = (
				16C04BFA1A853B8B00DCDC26 /* libSwissEphemeris.a */,
				161810331A878D4E00708976 /* SwissEphemeris.framework */,
			);
			name = Products;
			sourceTree = "<group>";
		};
		16B89EA61A7BF08000D5068B /* SwissEph */ = {
			isa = PBXGroup;
			children = (
				16B89FFF1A7BF26900D5068B /* swecl.c */,
				16B8A0001A7BF26900D5068B /* swedate.c */,
				16B8A0011A7BF26900D5068B /* swedate.h */,
				16B8A0021A7BF26900D5068B /* swehel.c */,
				16B8A0031A7BF26900D5068B /* swehouse.c */,
				16B8A0041A7BF26900D5068B /* swehouse.h */,
				16B8A0051A7BF26900D5068B /* swejpl.c */,
				16B8A0061A7BF26900D5068B /* swejpl.h */,
				16B8A0071A7BF26900D5068B /* swemmoon.c */,
				16B8A0081A7BF26900D5068B /* swemplan.c */,
				16B8A0091A7BF26900D5068B /* swemptab.c */,
				16B8A00A1A7BF26900D5068B /* swenut2000a.h */,
				16B8A00B1A7BF26900D5068B /* sweodef.h */,
				16B8A0431A7BF49000D5068B /* swepcalc.c */,
				16B8A0441A7BF49000D5068B /* swepcalc.h */,
				16B8A00C1A7BF26900D5068B /* sweph.c */,
				16B8A00D1A7BF26900D5068B /* sweph.h */,
				16B8A00E1A7BF26900D5068B /* swephexp.h */,
				16B8A00F1A7BF26900D5068B /* swephlib.c */,
				16B8A0101A7BF26900D5068B /* swephlib.h */,
			);
			name = SwissEph;
			path = swisseph;
			sourceTree = "<group>";
		};
		16B89EA71A7BF08000D5068B /* Supporting Files */ = {
			isa = PBXGroup;
			children = (
				161810361A878D4E00708976 /* Info.plist */,
				161811001A878EE600708976 /* SwissEphemeris.modulemap */,
				16FE28931A85871400F48032 /* UnexportedSymbols.exp */,
			);
			name = "Supporting Files";
			path = SwissEphemeris;
			sourceTree = "<group>";
		};
		16B89EF21A7BF1A000D5068B /* Planet data */ = {
			isa = PBXGroup;
			children = (
				16B89EC01A7BF1A000D5068B /* sepl_00.se1 */,
				16B89EC11A7BF1A000D5068B /* sepl_06.se1 */,
				16B89EC21A7BF1A000D5068B /* sepl_12.se1 */,
				16B89EC31A7BF1A000D5068B /* sepl_18.se1 */,
				16B89EC41A7BF1A000D5068B /* sepl_24.se1 */,
				16B89EC51A7BF1A000D5068B /* sepl_30.se1 */,
				16B89EC61A7BF1A000D5068B /* sepl_36.se1 */,
				16B89EC71A7BF1A000D5068B /* sepl_42.se1 */,
				16B89EC81A7BF1A000D5068B /* sepl_48.se1 */,
				16B89EC91A7BF1A000D5068B /* sepl_54.se1 */,
				16B89ECA1A7BF1A000D5068B /* sepl_60.se1 */,
				16B89ECB1A7BF1A000D5068B /* sepl_66.se1 */,
				16B89ECC1A7BF1A000D5068B /* sepl_72.se1 */,
				16B89ECD1A7BF1A000D5068B /* sepl_78.se1 */,
				16B89ECE1A7BF1A000D5068B /* sepl_84.se1 */,
				16B89ECF1A7BF1A000D5068B /* sepl_90.se1 */,
				16B89ED01A7BF1A000D5068B /* sepl_96.se1 */,
				16B89ED11A7BF1A000D5068B /* sepl_102.se1 */,
				16B89ED21A7BF1A000D5068B /* sepl_108.se1 */,
				16B89ED31A7BF1A000D5068B /* sepl_114.se1 */,
				16B89ED41A7BF1A000D5068B /* sepl_120.se1 */,
				16B89ED51A7BF1A000D5068B /* sepl_126.se1 */,
				16B89ED61A7BF1A000D5068B /* sepl_132.se1 */,
				16B89ED71A7BF1A000D5068B /* sepl_138.se1 */,
				16B89ED81A7BF1A000D5068B /* sepl_144.se1 */,
				16B89ED91A7BF1A000D5068B /* sepl_150.se1 */,
				16B89EDA1A7BF1A000D5068B /* sepl_156.se1 */,
				16B89EDB1A7BF1A000D5068B /* sepl_162.se1 */,
				16B89EDC1A7BF1A000D5068B /* seplm06.se1 */,
				16B89EDD1A7BF1A000D5068B /* seplm12.se1 */,
				16B89EDE1A7BF1A000D5068B /* seplm18.se1 */,
				16B89EDF1A7BF1A000D5068B /* seplm24.se1 */,
				16B89EE01A7BF1A000D5068B /* seplm30.se1 */,
				16B89EE11A7BF1A000D5068B /* seplm36.se1 */,
				16B89EE21A7BF1A000D5068B /* seplm42.se1 */,
				16B89EE31A7BF1A000D5068B /* seplm48.se1 */,
				16B89EE41A7BF1A000D5068B /* seplm54.se1 */,
				16B89EE51A7BF1A000D5068B /* seplm60.se1 */,
				16B89EE61A7BF1A000D5068B /* seplm66.se1 */,
				16B89EE71A7BF1A000D5068B /* seplm72.se1 */,
				16B89EE81A7BF1A000D5068B /* seplm78.se1 */,
				16B89EE91A7BF1A000D5068B /* seplm84.se1 */,
				16B89EEA1A7BF1A000D5068B /* seplm90.se1 */,
				16B89EEB1A7BF1A000D5068B /* seplm96.se1 */,
				16B89EEC1A7BF1A000D5068B /* seplm102.se1 */,
				16B89EED1A7BF1A000D5068B /* seplm108.se1 */,
				16B89EEE1A7BF1A000D5068B /* seplm114.se1 */,
				16B89EEF1A7BF1A000D5068B /* seplm120.se1 */,
				16B89EF01A7BF1A000D5068B /* seplm126.se1 */,
				16B89EF11A7BF1A000D5068B /* seplm132.se1 */,
			);
			name = "Planet data";
			sourceTree = "<group>";
		};
		16B89F251A7BF1A000D5068B /* Moon data */ = {
			isa = PBXGroup;
			children = (
				16B89EF31A7BF1A000D5068B /* semo_00.se1 */,
				16B89EF41A7BF1A000D5068B /* semo_06.se1 */,
				16B89EF51A7BF1A000D5068B /* semo_12.se1 */,
				16B89EF61A7BF1A000D5068B /* semo_18.se1 */,
				16B89EF71A7BF1A000D5068B /* semo_24.se1 */,
				16B89EF81A7BF1A000D5068B /* semo_30.se1 */,
				16B89EF91A7BF1A000D5068B /* semo_36.se1 */,
				16B89EFA1A7BF1A000D5068B /* semo_42.se1 */,
				16B89EFB1A7BF1A000D5068B /* semo_48.se1 */,
				16B89EFC1A7BF1A000D5068B /* semo_54.se1 */,
				16B89EFD1A7BF1A000D5068B /* semo_60.se1 */,
				16B89EFE1A7BF1A000D5068B /* semo_66.se1 */,
				16B89EFF1A7BF1A000D5068B /* semo_72.se1 */,
				16B89F001A7BF1A000D5068B /* semo_78.se1 */,
				16B89F011A7BF1A000D5068B /* semo_84.se1 */,
				16B89F021A7BF1A000D5068B /* semo_90.se1 */,
				16B89F031A7BF1A000D5068B /* semo_96.se1 */,
				16B89F041A7BF1A000D5068B /* semo_102.se1 */,
				16B89F051A7BF1A000D5068B /* semo_108.se1 */,
				16B89F061A7BF1A000D5068B /* semo_114.se1 */,
				16B89F071A7BF1A000D5068B /* semo_120.se1 */,
				16B89F081A7BF1A000D5068B /* semo_126.se1 */,
				16B89F091A7BF1A000D5068B /* semo_132.se1 */,
				16B89F0A1A7BF1A000D5068B /* semo_138.se1 */,
				16B89F0B1A7BF1A000D5068B /* semo_144.se1 */,
				16B89F0C1A7BF1A000D5068B /* semo_150.se1 */,
				16B89F0D1A7BF1A000D5068B /* semo_156.se1 */,
				16B89F0E1A7BF1A000D5068B /* semo_162.se1 */,
				16B89F0F1A7BF1A000D5068B /* semom06.se1 */,
				16B89F101A7BF1A000D5068B /* semom12.se1 */,
				16B89F111A7BF1A000D5068B /* semom18.se1 */,
				16B89F121A7BF1A000D5068B /* semom24.se1 */,
				16B89F131A7BF1A000D5068B /* semom30.se1 */,
				16B89F141A7BF1A000D5068B /* semom36.se1 */,
				16B89F151A7BF1A000D5068B /* semom42.se1 */,
				16B89F161A7BF1A000D5068B /* semom48.se1 */,
				16B89F171A7BF1A000D5068B /* semom54.se1 */,
				16B89F181A7BF1A000D5068B /* semom60.se1 */,
				16B89F191A7BF1A000D5068B /* semom66.se1 */,
				16B89F1A1A7BF1A000D5068B /* semom72.se1 */,
				16B89F1B1A7BF1A000D5068B /* semom78.se1 */,
				16B89F1C1A7BF1A000D5068B /* semom84.se1 */,
				16B89F1D1A7BF1A000D5068B /* semom90.se1 */,
				16B89F1E1A7BF1A000D5068B /* semom96.se1 */,
				16B89F1F1A7BF1A000D5068B /* semom102.se1 */,
				16B89F201A7BF1A000D5068B /* semom108.se1 */,
				16B89F211A7BF1A000D5068B /* semom114.se1 */,
				16B89F221A7BF1A000D5068B /* semom120.se1 */,
				16B89F231A7BF1A000D5068B /* semom126.se1 */,
				16B89F241A7BF1A000D5068B /* semom132.se1 */,
			);
			name = "Moon data";
			sourceTree = "<group>";
		};
		16B89F591A7BF1A000D5068B /* Main */ = {
			isa = PBXGroup;
			children = (
				16B89F271A7BF1A000D5068B /* seas_00.se1 */,
				16B89F281A7BF1A000D5068B /* seas_06.se1 */,
				16B89F291A7BF1A000D5068B /* seas_12.se1 */,
				16B89F2A1A7BF1A000D5068B /* seas_18.se1 */,
				16B89F2B1A7BF1A000D5068B /* seas_24.se1 */,
				16B89F2C1A7BF1A000D5068B /* seas_30.se1 */,
				16B89F2D1A7BF1A000D5068B /* seas_36.se1 */,
				16B89F2E1A7BF1A000D5068B /* seas_42.se1 */,
				16B89F2F1A7BF1A000D5068B /* seas_48.se1 */,
				16B89F301A7BF1A000D5068B /* seas_54.se1 */,
				16B89F311A7BF1A000D5068B /* seas_60.se1 */,
				16B89F321A7BF1A000D5068B /* seas_66.se1 */,
				16B89F331A7BF1A000D5068B /* seas_72.se1 */,
				16B89F341A7BF1A000D5068B /* seas_78.se1 */,
				16B89F351A7BF1A000D5068B /* seas_84.se1 */,
				16B89F361A7BF1A000D5068B /* seas_90.se1 */,
				16B89F371A7BF1A000D5068B /* seas_96.se1 */,
				16B89F381A7BF1A000D5068B /* seas_102.se1 */,
				16B89F391A7BF1A000D5068B /* seas_108.se1 */,
				16B89F3A1A7BF1A000D5068B /* seas_114.se1 */,
				16B89F3B1A7BF1A000D5068B /* seas_120.se1 */,
				16B89F3C1A7BF1A000D5068B /* seas_126.se1 */,
				16B89F3D1A7BF1A000D5068B /* seas_132.se1 */,
				16B89F3E1A7BF1A000D5068B /* seas_138.se1 */,
				16B89F3F1A7BF1A000D5068B /* seas_144.se1 */,
				16B89F401A7BF1A000D5068B /* seas_150.se1 */,
				16B89F411A7BF1A000D5068B /* seas_156.se1 */,
				16B89F421A7BF1A000D5068B /* seas_162.se1 */,
				16B89F431A7BF1A000D5068B /* seasm06.se1 */,
				16B89F441A7BF1A000D5068B /* seasm12.se1 */,
				16B89F451A7BF1A000D5068B /* seasm18.se1 */,
				16B89F461A7BF1A000D5068B /* seasm24.se1 */,
				16B89F471A7BF1A000D5068B /* seasm30.se1 */,
				16B89F481A7BF1A000D5068B /* seasm36.se1 */,
				16B89F491A7BF1A000D5068B /* seasm42.se1 */,
				16B89F4A1A7BF1A000D5068B /* seasm48.se1 */,
				16B89F4B1A7BF1A000D5068B /* seasm54.se1 */,
				16B89F4C1A7BF1A000D5068B /* seasm60.se1 */,
				16B89F4D1A7BF1A000D5068B /* seasm66.se1 */,
				16B89F4E1A7BF1A000D5068B /* seasm72.se1 */,
				16B89F4F1A7BF1A000D5068B /* seasm78.se1 */,
				16B89F501A7BF1A000D5068B /* seasm84.se1 */,
				16B89F511A7BF1A000D5068B /* seasm90.se1 */,
				16B89F521A7BF1A000D5068B /* seasm96.se1 */,
				16B89F531A7BF1A000D5068B /* seasm102.se1 */,
				16B89F541A7BF1A000D5068B /* seasm108.se1 */,
				16B89F551A7BF1A000D5068B /* seasm114.se1 */,
				16B89F561A7BF1A000D5068B /* seasm120.se1 */,
				16B89F571A7BF1A000D5068B /* seasm126.se1 */,
				16B89F581A7BF1A000D5068B /* seasm132.se1 */,
			);
			name = Main;
			sourceTree = "<group>";
		};
		16B89F5B1A7BF1A000D5068B /* Additional */ = {
			isa = PBXGroup;
			children = (
				16B89F5A1A7BF1A000D5068B /* se07066.se1 */,
			);
			name = Additional;
			sourceTree = "<group>";
		};
		16B89F5C1A7BF1A000D5068B /* Asteroid data */ = {
			isa = PBXGroup;
			children = (
				16B89F261A7BF1A000D5068B /* seasnam.txt */,
				16B89F591A7BF1A000D5068B /* Main */,
				16B89F5B1A7BF1A000D5068B /* Additional */,
			);
			name = "Asteroid data";
			sourceTree = "<group>";
		};
		16B89F5E1A7BF1A000D5068B /* Ficticious bodies */ = {
			isa = PBXGroup;
			children = (
				16B89F5D1A7BF1A000D5068B /* seorbel.txt */,
			);
			name = "Ficticious bodies";
			sourceTree = "<group>";
		};
		16B89F601A7BF1A000D5068B /* Fixed stars */ = {
			isa = PBXGroup;
			children = (
				160935FD1A7C18FE002D2782 /* fixstars.cat */,
				16B89F5F1A7BF1A000D5068B /* sefstars.txt */,
			);
			name = "Fixed stars";
			sourceTree = "<group>";
		};
		16B89F621A7BF1A000D5068B /* Leap seconds */ = {
			isa = PBXGroup;
			children = (
				16B89F611A7BF1A000D5068B /* seleapsec.txt */,
			);
			name = "Leap seconds";
			sourceTree = "<group>";
		};
		16B89F631A7BF1A000D5068B /* Data */ = {
			isa = PBXGroup;
			children = (
				160935FA1A7C14C6002D2782 /* LICENSE.TXT */,
				16B89EF21A7BF1A000D5068B /* Planet data */,
				16B89F251A7BF1A000D5068B /* Moon data */,
				16B89F5C1A7BF1A000D5068B /* Asteroid data */,
				16B89F5E1A7BF1A000D5068B /* Ficticious bodies */,
				16B89F601A7BF1A000D5068B /* Fixed stars */,
				160936011A7C1B3D002D2782 /* Delta T */,
				16B89F621A7BF1A000D5068B /* Leap seconds */,
			);
			path = Data;
			sourceTree = "<group>";
		};
/* End PBXGroup section */

/* Begin PBXHeadersBuildPhase section */
		161810301A878D4E00708976 /* Headers */ = {
			isa = PBXHeadersBuildPhase;
			buildActionMask = 2147483647;
			files = (
				161810EF1A878E5100708976 /* sweodef.h in Headers */,
				161810F01A878E5100708976 /* swepcalc.h in Headers */,
				161810F21A878E5100708976 /* swephexp.h in Headers */,
				161810EA1A878E5100708976 /* SwissEphGlue.h in Headers */,
				161810EB1A878E5100708976 /* swedate.h in Headers */,
				161810EC1A878E5100708976 /* swehouse.h in Headers */,
				161810ED1A878E5100708976 /* swejpl.h in Headers */,
				161810EE1A878E5100708976 /* swenut2000a.h in Headers */,
				161810F11A878E5100708976 /* sweph.h in Headers */,
				161810F31A878E5200708976 /* swephlib.h in Headers */,
			);
			runOnlyForDeploymentPostprocessing = 0;
		};
/* End PBXHeadersBuildPhase section */

/* Begin PBXNativeTarget section */
		161810321A878D4E00708976 /* SwissEphemeris */ = {
			isa = PBXNativeTarget;
			buildConfigurationList = 161810461A878D4E00708976 /* Build configuration list for PBXNativeTarget "SwissEphemeris" */;
			buildPhases = (
				1618102E1A878D4E00708976 /* Sources */,
				1618102F1A878D4E00708976 /* Frameworks */,
				161810301A878D4E00708976 /* Headers */,
				161810311A878D4E00708976 /* Resources */,
			);
			buildRules = (
			);
			dependencies = (
			);
			name = SwissEphemeris;
			productName = SwissEphemeris;
			productReference = 161810331A878D4E00708976 /* SwissEphemeris.framework */;
			productType = "com.apple.product-type.framework";
		};
		16C04BF91A853B8B00DCDC26 /* libSwissEphemeris */ = {
			isa = PBXNativeTarget;
			buildConfigurationList = 16C04C0B1A853B8C00DCDC26 /* Build configuration list for PBXNativeTarget "libSwissEphemeris" */;
			buildPhases = (
				16C04BF61A853B8B00DCDC26 /* Sources */,
				16C04C2C1A85406900DCDC26 /* CopyFiles */,
			);
			buildRules = (
			);
			dependencies = (
			);
			name = libSwissEphemeris;
			productName = SwissEphemeris;
			productReference = 16C04BFA1A853B8B00DCDC26 /* libSwissEphemeris.a */;
			productType = "com.apple.product-type.library.static";
		};
/* End PBXNativeTarget section */

/* Begin PBXProject section */
		16B89E9B1A7BF08000D5068B /* Project object */ = {
			isa = PBXProject;
			attributes = {
				CLASSPREFIX = SWE;
				LastUpgradeCheck = 0610;
				ORGANIZATIONNAME = "Astrodienst AG";
				TargetAttributes = {
					161810321A878D4E00708976 = {
						CreatedOnToolsVersion = 6.1.1;
					};
					16C04BF91A853B8B00DCDC26 = {
						CreatedOnToolsVersion = 6.1.1;
					};
					16C04C1F1A853F6400DCDC26 = {
						CreatedOnToolsVersion = 6.1.1;
					};
				};
			};
			buildConfigurationList = 16B89E9E1A7BF08000D5068B /* Build configuration list for PBXProject "SwissEphemeris-iOS" */;
			compatibilityVersion = "Xcode 3.2";
			developmentRegion = English;
			hasScannedForEncodings = 0;
			knownRegions = (
				en,
			);
			mainGroup = 16B89E9A1A7BF08000D5068B;
			productRefGroup = 16B89EA51A7BF08000D5068B /* Products */;
			projectDirPath = "";
			projectRoot = "";
			targets = (
				16C04BF91A853B8B00DCDC26 /* libSwissEphemeris */,
				16C04C1F1A853F6400DCDC26 /* Library */,
				161810321A878D4E00708976 /* SwissEphemeris */,
			);
		};
/* End PBXProject section */

/* Begin PBXResourcesBuildPhase section */
		161810311A878D4E00708976 /* Resources */ = {
			isa = PBXResourcesBuildPhase;
			buildActionMask = 2147483647;
			files = (
				1618104C1A878E4300708976 /* LICENSE.TXT in Resources */,
				1618104D1A878E4300708976 /* sepl_00.se1 in Resources */,
				1618104E1A878E4300708976 /* sepl_06.se1 in Resources */,
				1618104F1A878E4300708976 /* sepl_12.se1 in Resources */,
				161810501A878E4300708976 /* sepl_18.se1 in Resources */,
				161810511A878E4300708976 /* sepl_24.se1 in Resources */,
				161810521A878E4300708976 /* sepl_30.se1 in Resources */,
				161810531A878E4400708976 /* sepl_36.se1 in Resources */,
				161810541A878E4400708976 /* sepl_42.se1 in Resources */,
				161810551A878E4400708976 /* sepl_48.se1 in Resources */,
				161810561A878E4400708976 /* sepl_54.se1 in Resources */,
				161810571A878E4400708976 /* sepl_60.se1 in Resources */,
				161810581A878E4400708976 /* sepl_66.se1 in Resources */,
				161810591A878E4400708976 /* sepl_72.se1 in Resources */,
				1618105A1A878E4400708976 /* sepl_78.se1 in Resources */,
				1618105B1A878E4400708976 /* sepl_84.se1 in Resources */,
				1618105C1A878E4400708976 /* sepl_90.se1 in Resources */,
				1618105D1A878E4400708976 /* sepl_96.se1 in Resources */,
				1618105E1A878E4400708976 /* sepl_102.se1 in Resources */,
				1618105F1A878E4400708976 /* sepl_108.se1 in Resources */,
				161810601A878E4400708976 /* sepl_114.se1 in Resources */,
				161810611A878E4400708976 /* sepl_120.se1 in Resources */,
				161810621A878E4400708976 /* sepl_126.se1 in Resources */,
				161810631A878E4400708976 /* sepl_132.se1 in Resources */,
				161810641A878E4400708976 /* sepl_138.se1 in Resources */,
				161810651A878E4400708976 /* sepl_144.se1 in Resources */,
				161810661A878E4400708976 /* sepl_150.se1 in Resources */,
				161810671A878E4400708976 /* sepl_156.se1 in Resources */,
				161810681A878E4400708976 /* sepl_162.se1 in Resources */,
				161810691A878E4400708976 /* seplm06.se1 in Resources */,
				1618106A1A878E4400708976 /* seplm12.se1 in Resources */,
				1618106B1A878E4400708976 /* seplm18.se1 in Resources */,
				1618106C1A878E4400708976 /* seplm24.se1 in Resources */,
				1618106D1A878E4400708976 /* seplm30.se1 in Resources */,
				1618106E1A878E4400708976 /* seplm36.se1 in Resources */,
				1618106F1A878E4400708976 /* seplm42.se1 in Resources */,
				161810701A878E4400708976 /* seplm48.se1 in Resources */,
				161810711A878E4400708976 /* seplm54.se1 in Resources */,
				161810721A878E4400708976 /* seplm60.se1 in Resources */,
				161810731A878E4400708976 /* seplm66.se1 in Resources */,
				161810741A878E4400708976 /* seplm72.se1 in Resources */,
				161810751A878E4400708976 /* seplm78.se1 in Resources */,
				161810761A878E4400708976 /* seplm84.se1 in Resources */,
				161810771A878E4400708976 /* seplm90.se1 in Resources */,
				161810781A878E4400708976 /* seplm96.se1 in Resources */,
				161810791A878E4400708976 /* seplm102.se1 in Resources */,
				1618107A1A878E4400708976 /* seplm108.se1 in Resources */,
				1618107B1A878E4400708976 /* seplm114.se1 in Resources */,
				1618107C1A878E4400708976 /* seplm120.se1 in Resources */,
				1618107D1A878E4400708976 /* seplm126.se1 in Resources */,
				1618107E1A878E4400708976 /* seplm132.se1 in Resources */,
				1618107F1A878E4400708976 /* semo_00.se1 in Resources */,
				161810801A878E4400708976 /* semo_06.se1 in Resources */,
				161810811A878E4400708976 /* semo_12.se1 in Resources */,
				161810821A878E4400708976 /* semo_18.se1 in Resources */,
				161810831A878E4400708976 /* semo_24.se1 in Resources */,
				161810841A878E4400708976 /* semo_30.se1 in Resources */,
				161810851A878E4400708976 /* semo_36.se1 in Resources */,
				161810861A878E4400708976 /* semo_42.se1 in Resources */,
				161810871A878E4400708976 /* semo_48.se1 in Resources */,
				161810881A878E4400708976 /* semo_54.se1 in Resources */,
				161810891A878E4400708976 /* semo_60.se1 in Resources */,
				1618108A1A878E4400708976 /* semo_66.se1 in Resources */,
				1618108B1A878E4400708976 /* semo_72.se1 in Resources */,
				1618108C1A878E4400708976 /* semo_78.se1 in Resources */,
				1618108D1A878E4400708976 /* semo_84.se1 in Resources */,
				1618108E1A878E4400708976 /* semo_90.se1 in Resources */,
				1618108F1A878E4400708976 /* semo_96.se1 in Resources */,
				161810901A878E4400708976 /* semo_102.se1 in Resources */,
				161810911A878E4400708976 /* semo_108.se1 in Resources */,
				161810921A878E4400708976 /* semo_114.se1 in Resources */,
				161810931A878E4400708976 /* semo_120.se1 in Resources */,
				161810941A878E4400708976 /* semo_126.se1 in Resources */,
				161810951A878E4400708976 /* semo_132.se1 in Resources */,
				161810961A878E4400708976 /* semo_138.se1 in Resources */,
				161810971A878E4400708976 /* semo_144.se1 in Resources */,
				161810981A878E4400708976 /* semo_150.se1 in Resources */,
				161810991A878E4400708976 /* semo_156.se1 in Resources */,
				1618109A1A878E4400708976 /* semo_162.se1 in Resources */,
				1618109B1A878E4400708976 /* semom06.se1 in Resources */,
				1618109C1A878E4400708976 /* semom12.se1 in Resources */,
				1618109D1A878E4400708976 /* semom18.se1 in Resources */,
				1618109E1A878E4400708976 /* semom24.se1 in Resources */,
				1618109F1A878E4400708976 /* semom30.se1 in Resources */,
				161810A01A878E4400708976 /* semom36.se1 in Resources */,
				161810A11A878E4400708976 /* semom42.se1 in Resources */,
				161810A21A878E4400708976 /* semom48.se1 in Resources */,
				161810A31A878E4400708976 /* semom54.se1 in Resources */,
				161810A41A878E4400708976 /* semom60.se1 in Resources */,
				161810A51A878E4400708976 /* semom66.se1 in Resources */,
				161810A61A878E4400708976 /* semom72.se1 in Resources */,
				161810A71A878E4400708976 /* semom78.se1 in Resources */,
				161810A81A878E4400708976 /* semom84.se1 in Resources */,
				161810A91A878E4400708976 /* semom90.se1 in Resources */,
				161810AA1A878E4400708976 /* semom96.se1 in Resources */,
				161810AB1A878E4400708976 /* semom102.se1 in Resources */,
				161810AC1A878E4400708976 /* semom108.se1 in Resources */,
				161810AD1A878E4400708976 /* semom114.se1 in Resources */,
				161810AE1A878E4400708976 /* semom120.se1 in Resources */,
				161810AF1A878E4400708976 /* semom126.se1 in Resources */,
				161810B01A878E4400708976 /* semom132.se1 in Resources */,
				161810B11A878E4400708976 /* seasnam.txt in Resources */,
				161810B21A878E4400708976 /* seas_00.se1 in Resources */,
				161810B31A878E4400708976 /* seas_06.se1 in Resources */,
				161810B41A878E4400708976 /* seas_12.se1 in Resources */,
				161810B51A878E4400708976 /* seas_18.se1 in Resources */,
				161810B61A878E4400708976 /* seas_24.se1 in Resources */,
				161810B71A878E4400708976 /* seas_30.se1 in Resources */,
				161810B81A878E4400708976 /* seas_36.se1 in Resources */,
				161810B91A878E4400708976 /* seas_42.se1 in Resources */,
				161810BA1A878E4400708976 /* seas_48.se1 in Resources */,
				161810BB1A878E4400708976 /* seas_54.se1 in Resources */,
				161810BC1A878E4400708976 /* seas_60.se1 in Resources */,
				161810BD1A878E4400708976 /* seas_66.se1 in Resources */,
				161810BE1A878E4400708976 /* seas_72.se1 in Resources */,
				161810BF1A878E4400708976 /* seas_78.se1 in Resources */,
				161810C01A878E4400708976 /* seas_84.se1 in Resources */,
				161810C11A878E4400708976 /* seas_90.se1 in Resources */,
				161810C21A878E4400708976 /* seas_96.se1 in Resources */,
				161810C31A878E4400708976 /* seas_102.se1 in Resources */,
				161810C41A878E4400708976 /* seas_108.se1 in Resources */,
				161810C51A878E4400708976 /* seas_114.se1 in Resources */,
				161810C61A878E4400708976 /* seas_120.se1 in Resources */,
				161810C71A878E4400708976 /* seas_126.se1 in Resources */,
				161810C81A878E4400708976 /* seas_132.se1 in Resources */,
				161810C91A878E4400708976 /* seas_138.se1 in Resources */,
				161810CA1A878E4500708976 /* seas_144.se1 in Resources */,
				161810CB1A878E4500708976 /* seas_150.se1 in Resources */,
				161810CC1A878E4500708976 /* seas_156.se1 in Resources */,
				161810CD1A878E4500708976 /* seas_162.se1 in Resources */,
				161810CE1A878E4500708976 /* seasm06.se1 in Resources */,
				161810CF1A878E4500708976 /* seasm12.se1 in Resources */,
				161810D01A878E4500708976 /* seasm18.se1 in Resources */,
				161810D11A878E4500708976 /* seasm24.se1 in Resources */,
				161810D21A878E4500708976 /* seasm30.se1 in Resources */,
				161810D31A878E4500708976 /* seasm36.se1 in Resources */,
				161810D41A878E4500708976 /* seasm42.se1 in Resources */,
				161810D51A878E4500708976 /* seasm48.se1 in Resources */,
				161810D61A878E4500708976 /* seasm54.se1 in Resources */,
				161810D71A878E4500708976 /* seasm60.se1 in Resources */,
				161810D81A878E4500708976 /* seasm66.se1 in Resources */,
				161810D91A878E4500708976 /* seasm72.se1 in Resources */,
				161810DA1A878E4500708976 /* seasm78.se1 in Resources */,
				161810DB1A878E4500708976 /* seasm84.se1 in Resources */,
				161810DC1A878E4500708976 /* seasm90.se1 in Resources */,
				161810DD1A878E4500708976 /* seasm96.se1 in Resources */,
				161810DE1A878E4500708976 /* seasm102.se1 in Resources */,
				161810DF1A878E4500708976 /* seasm108.se1 in Resources */,
				161810E01A878E4500708976 /* seasm114.se1 in Resources */,
				161810E11A878E4500708976 /* seasm120.se1 in Resources */,
				161810E21A878E4500708976 /* seasm126.se1 in Resources */,
				161810E31A878E4500708976 /* seasm132.se1 in Resources */,
				161810E41A878E4500708976 /* se07066.se1 in Resources */,
				161810E51A878E4500708976 /* seorbel.txt in Resources */,
				161810E61A878E4500708976 /* fixstars.cat in Resources */,
				161810E71A878E4500708976 /* sefstars.txt in Resources */,
				161810E81A878E4500708976 /* sedeltat.txt.inactive in Resources */,
				161810E91A878E4500708976 /* seleapsec.txt in Resources */,
			);
			runOnlyForDeploymentPostprocessing = 0;
		};
/* End PBXResourcesBuildPhase section */

/* Begin PBXShellScriptBuildPhase section */
		16C04C251A853F8700DCDC26 /* Build library for each architecture */ = {
			isa = PBXShellScriptBuildPhase;
			buildActionMask = 2147483647;
			files = (
			);
			inputPaths = (
			);
			name = "Build library for each architecture";
			outputPaths = (
			);
			runOnlyForDeploymentPostprocessing = 0;
			shellPath = /bin/sh;
			shellScript = "if [[ `xcodebuild -project ${PROJECT_NAME}.xcodeproj -showBuildSettings` =~ SwissEphemeris-iOS- ]]; then\n    xcodebuild -workspace SwissEphemeris.xcworkspace -sdk iphonesimulator -scheme libSwissEphemeris -configuration ${CONFIGURATION} $ACTION TARGET_BUILD_DIR=\"${BUILD_DIR}/${CONFIGURATION}-iphonesimulator\" BUILT_PRODUCTS_DIR=\"${BUILD_DIR}/${CONFIGURATION}-iphonesimulator\"\n    xcodebuild -workspace SwissEphemeris.xcworkspace -sdk iphoneos -scheme libSwissEphemeris -configuration ${CONFIGURATION} $ACTION TARGET_BUILD_DIR=\"${BUILD_DIR}/${CONFIGURATION}-iphoneos\" BUILT_PRODUCTS_DIR=\"${BUILD_DIR}/${CONFIGURATION}-iphoneos\"\nelse\n    xcodebuild -project ${PROJECT_NAME}.xcodeproj -sdk iphonesimulator -scheme libSwissEphemeris -configuration ${CONFIGURATION} $ACTION TARGET_BUILD_DIR=\"${BUILD_DIR}/${CONFIGURATION}-iphonesimulator\" BUILT_PRODUCTS_DIR=\"${BUILD_DIR}/${CONFIGURATION}-iphonesimulator\"\n    xcodebuild -project ${PROJECT_NAME}.xcodeproj -sdk iphoneos -scheme libSwissEphemeris -configuration ${CONFIGURATION} $ACTION TARGET_BUILD_DIR=\"${BUILD_DIR}/${CONFIGURATION}-iphoneos\" BUILT_PRODUCTS_DIR=\"${BUILD_DIR}/${CONFIGURATION}-iphoneos\"\nfi\n";
		};
		16C04C2D1A85475500DCDC26 /* Build universal binary */ = {
			isa = PBXShellScriptBuildPhase;
			buildActionMask = 2147483647;
			files = (
			);
			inputPaths = (
			);
			name = "Build universal binary";
			outputPaths = (
			);
			runOnlyForDeploymentPostprocessing = 0;
			shellPath = /bin/sh;
			shellScript = "LIBRARY_NAME=\"libSwissEphemeris.a\"\n\nSIMULATOR_LIBRARY_DIR=\"${BUILD_DIR}/${CONFIGURATION}-iphonesimulator\"\nDEVICE_LIBRARY_DIR=\"${BUILD_DIR}/${CONFIGURATION}-iphoneos\"\nUNIVERSAL_LIBRARY_DIR=\"${BUILD_DIR}/${CONFIGURATION}-iphoneuniversal\"\n\nSIMULATOR_LIBRARY_PATH=\"${SIMULATOR_LIBRARY_DIR}/${LIBRARY_NAME}\"\nDEVICE_LIBRARY_PATH=\"${DEVICE_LIBRARY_DIR}/${LIBRARY_NAME}\"\nUNIVERSAL_LIBRARY_PATH=\"${UNIVERSAL_LIBRARY_DIR}/${LIBRARY_NAME}\"\n\nmkdir -p \"${UNIVERSAL_LIBRARY_DIR}\"\nlipo \"${SIMULATOR_LIBRARY_PATH}\" \"${DEVICE_LIBRARY_PATH}\" -create -output \"${UNIVERSAL_LIBRARY_PATH}\"\n";
		};
		16D205331A85507100AFA87A /* Copy additional files to universal directory */ = {
			isa = PBXShellScriptBuildPhase;
			buildActionMask = 2147483647;
			files = (
			);
			inputPaths = (
			);
			name = "Copy additional files to universal directory";
			outputPaths = (
			);
			runOnlyForDeploymentPostprocessing = 0;
			shellPath = /bin/sh;
			shellScript = "DEVICE_LIBRARY_DIR=\"${BUILD_DIR}/${CONFIGURATION}-iphoneos\"\nUNIVERSAL_LIBRARY_DIR=\"${BUILD_DIR}/${CONFIGURATION}-iphoneuniversal\"\n\ncp \"${DEVICE_LIBRARY_DIR}/swephexp.h\" \"${UNIVERSAL_LIBRARY_DIR}\"\ncp \"${DEVICE_LIBRARY_DIR}/sweodef.h\" \"${UNIVERSAL_LIBRARY_DIR}\"\ncp \"${DEVICE_LIBRARY_DIR}/swepcalc.h\" \"${UNIVERSAL_LIBRARY_DIR}\"\ncp \"${DEVICE_LIBRARY_DIR}/UnexportedSymbols.exp\" \"${UNIVERSAL_LIBRARY_DIR}\"\n";
		};
		16D205351A85578F00AFA87A /* Remove product directories */ = {
			isa = PBXShellScriptBuildPhase;
			buildActionMask = 2147483647;
			files = (
			);
			inputPaths = (
			);
			name = "Remove product directories";
			outputPaths = (
			);
			runOnlyForDeploymentPostprocessing = 0;
			shellPath = /bin/sh;
			shellScript = "SIMULATOR_LIBRARY_DIR=\"${BUILD_DIR}/${CONFIGURATION}-iphonesimulator\"\nDEVICE_LIBRARY_DIR=\"${BUILD_DIR}/${CONFIGURATION}-iphoneos\"\n\nrm \"${SIMULATOR_LIBRARY_DIR}/libSwissEphemeris.a\" \"${SIMULATOR_LIBRARY_DIR}/sweodef.h\" \"${SIMULATOR_LIBRARY_DIR}/swepcalc.h\" \"${SIMULATOR_LIBRARY_DIR}/swephexp.h\" \"${SIMULATOR_LIBRARY_DIR}/UnexportedSymbols.exp\"\nrm \"${DEVICE_LIBRARY_DIR}/libSwissEphemeris.a\" \"${DEVICE_LIBRARY_DIR}/sweodef.h\" \"${DEVICE_LIBRARY_DIR}/swepcalc.h\" \"${DEVICE_LIBRARY_DIR}/swephexp.h\" \"${DEVICE_LIBRARY_DIR}/UnexportedSymbols.exp\"\n";
		};
/* End PBXShellScriptBuildPhase section */

/* Begin PBXSourcesBuildPhase section */
		1618102E1A878D4E00708976 /* Sources */ = {
			isa = PBXSourcesBuildPhase;
			buildActionMask = 2147483647;
			files = (
				161810F51A878E7600708976 /* swecl.c in Sources */,
				161810F61A878E7600708976 /* swedate.c in Sources */,
				161810F71A878E7600708976 /* swehel.c in Sources */,
				161810F81A878E7600708976 /* swehouse.c in Sources */,
				161810F91A878E7600708976 /* swejpl.c in Sources */,
				161810FA1A878E7600708976 /* swemmoon.c in Sources */,
				161810FB1A878E7600708976 /* swemplan.c in Sources */,
				161810FD1A878E7600708976 /* swepcalc.c in Sources */,
				161810FE1A878E7600708976 /* sweph.c in Sources */,
				161810FF1A878E7600708976 /* swephlib.c in Sources */,
				161810F41A878E6700708976 /* SwissEphGlue.m in Sources */,
			);
			runOnlyForDeploymentPostprocessing = 0;
		};
		16C04BF61A853B8B00DCDC26 /* Sources */ = {
			isa = PBXSourcesBuildPhase;
			buildActionMask = 2147483647;
			files = (
				16C04C111A853C3E00DCDC26 /* swecl.c in Sources */,
				16C04C121A853C3E00DCDC26 /* swedate.c in Sources */,
				16C04C131A853C3E00DCDC26 /* swehel.c in Sources */,
				16C04C141A853C3E00DCDC26 /* swehouse.c in Sources */,
				16C04C151A853C3E00DCDC26 /* swejpl.c in Sources */,
				16C04C161A853C3E00DCDC26 /* swemmoon.c in Sources */,
				16C04C171A853C3E00DCDC26 /* swemplan.c in Sources */,
				16C04C181A853C3E00DCDC26 /* swepcalc.c in Sources */,
				16C04C191A853C3E00DCDC26 /* sweph.c in Sources */,
				16C04C1A1A853C3E00DCDC26 /* swephlib.c in Sources */,
				16C04C1B1A853C4300DCDC26 /* SwissEphGlue.m in Sources */,
			);
			runOnlyForDeploymentPostprocessing = 0;
		};
/* End PBXSourcesBuildPhase section */

/* Begin XCBuildConfiguration section */
		161810471A878D4E00708976 /* Debug */ = {
			isa = XCBuildConfiguration;
			buildSettings = {
				CLANG_ENABLE_OBJC_ARC = YES;
				"CODE_SIGN_IDENTITY[sdk=iphoneos*]" = "iPhone Developer";
				CURRENT_PROJECT_VERSION = 1;
				DEFINES_MODULE = YES;
				DYLIB_COMPATIBILITY_VERSION = 1;
				DYLIB_CURRENT_VERSION = 1;
				DYLIB_INSTALL_NAME_BASE = "@rpath";
				GCC_DYNAMIC_NO_PIC = NO;
				GCC_PREPROCESSOR_DEFINITIONS = (
					"DEBUG=1",
					"$(inherited)",
				);
				GCC_SYMBOLS_PRIVATE_EXTERN = NO;
				INFOPLIST_FILE = SwissEphemeris/Info.plist;
				INSTALL_PATH = "$(LOCAL_LIBRARY_DIR)/Frameworks";
				IPHONEOS_DEPLOYMENT_TARGET = 8.0;
				LD_RUNPATH_SEARCH_PATHS = "$(inherited) @executable_path/Frameworks @loader_path/Frameworks";
				MODULEMAP_FILE = SwissEphemeris/SwissEphemeris.modulemap;
				MTL_ENABLE_DEBUG_INFO = YES;
				PRODUCT_NAME = "$(TARGET_NAME)";
				SKIP_INSTALL = YES;
				VERSIONING_SYSTEM = "apple-generic";
				VERSION_INFO_PREFIX = "";
			};
			name = Debug;
		};
		161810481A878D4E00708976 /* Release */ = {
			isa = XCBuildConfiguration;
			buildSettings = {
				CLANG_ENABLE_OBJC_ARC = YES;
				"CODE_SIGN_IDENTITY[sdk=iphoneos*]" = "iPhone Developer";
				CURRENT_PROJECT_VERSION = 1;
				DEFINES_MODULE = YES;
				DYLIB_COMPATIBILITY_VERSION = 1;
				DYLIB_CURRENT_VERSION = 1;
				DYLIB_INSTALL_NAME_BASE = "@rpath";
				INFOPLIST_FILE = SwissEphemeris/Info.plist;
				INSTALL_PATH = "$(LOCAL_LIBRARY_DIR)/Frameworks";
				IPHONEOS_DEPLOYMENT_TARGET = 8.0;
				LD_RUNPATH_SEARCH_PATHS = "$(inherited) @executable_path/Frameworks @loader_path/Frameworks";
				MODULEMAP_FILE = SwissEphemeris/SwissEphemeris.modulemap;
				MTL_ENABLE_DEBUG_INFO = NO;
				PRODUCT_NAME = "$(TARGET_NAME)";
				SKIP_INSTALL = YES;
				VALIDATE_PRODUCT = YES;
				VERSIONING_SYSTEM = "apple-generic";
				VERSION_INFO_PREFIX = "";
			};
			name = Release;
		};
		16B89EB81A7BF08000D5068B /* Debug */ = {
			isa = XCBuildConfiguration;
			buildSettings = {
				ALWAYS_SEARCH_USER_PATHS = NO;
				CLANG_CXX_LANGUAGE_STANDARD = "gnu++0x";
				CLANG_CXX_LIBRARY = "libc++";
				CLANG_ENABLE_MODULES = YES;
				CLANG_WARN_BOOL_CONVERSION = YES;
				CLANG_WARN_CONSTANT_CONVERSION = YES;
				CLANG_WARN_DIRECT_OBJC_ISA_USAGE = YES_ERROR;
				CLANG_WARN_EMPTY_BODY = YES;
				CLANG_WARN_ENUM_CONVERSION = YES;
				CLANG_WARN_INT_CONVERSION = YES;
				CLANG_WARN_OBJC_ROOT_CLASS = YES_ERROR;
				CLANG_WARN_UNREACHABLE_CODE = YES;
				CLANG_WARN__DUPLICATE_METHOD_MATCH = YES;
				COPY_PHASE_STRIP = NO;
				CURRENT_PROJECT_VERSION = 200.00;
				ENABLE_STRICT_OBJC_MSGSEND = YES;
				GCC_C_LANGUAGE_STANDARD = gnu99;
				GCC_OPTIMIZATION_LEVEL = 0;
				GCC_PREPROCESSOR_DEFINITIONS = (
					"DEBUG=1",
					"$(inherited)",
				);
				GCC_WARN_64_TO_32_BIT_CONVERSION = YES;
				GCC_WARN_ABOUT_RETURN_TYPE = YES_ERROR;
				GCC_WARN_UNDECLARED_SELECTOR = YES;
				GCC_WARN_UNINITIALIZED_AUTOS = YES_AGGRESSIVE;
				GCC_WARN_UNUSED_FUNCTION = YES;
				GCC_WARN_UNUSED_VARIABLE = YES;
				IPHONEOS_DEPLOYMENT_TARGET = 6.0;
				ONLY_ACTIVE_ARCH = YES;
				SDKROOT = iphoneos;
				TARGETED_DEVICE_FAMILY = "1,2";
			};
			name = Debug;
		};
		16B89EB91A7BF08000D5068B /* Release */ = {
			isa = XCBuildConfiguration;
			buildSettings = {
				ALWAYS_SEARCH_USER_PATHS = NO;
				CLANG_CXX_LANGUAGE_STANDARD = "gnu++0x";
				CLANG_CXX_LIBRARY = "libc++";
				CLANG_ENABLE_MODULES = YES;
				CLANG_WARN_BOOL_CONVERSION = YES;
				CLANG_WARN_CONSTANT_CONVERSION = YES;
				CLANG_WARN_DIRECT_OBJC_ISA_USAGE = YES_ERROR;
				CLANG_WARN_EMPTY_BODY = YES;
				CLANG_WARN_ENUM_CONVERSION = YES;
				CLANG_WARN_INT_CONVERSION = YES;
				CLANG_WARN_OBJC_ROOT_CLASS = YES_ERROR;
				CLANG_WARN_UNREACHABLE_CODE = YES;
				CLANG_WARN__DUPLICATE_METHOD_MATCH = YES;
				COPY_PHASE_STRIP = YES;
				CURRENT_PROJECT_VERSION = 200.00;
				ENABLE_NS_ASSERTIONS = NO;
				ENABLE_STRICT_OBJC_MSGSEND = YES;
				GCC_C_LANGUAGE_STANDARD = gnu99;
				GCC_WARN_64_TO_32_BIT_CONVERSION = YES;
				GCC_WARN_ABOUT_RETURN_TYPE = YES_ERROR;
				GCC_WARN_UNDECLARED_SELECTOR = YES;
				GCC_WARN_UNINITIALIZED_AUTOS = YES_AGGRESSIVE;
				GCC_WARN_UNUSED_FUNCTION = YES;
				GCC_WARN_UNUSED_VARIABLE = YES;
				IPHONEOS_DEPLOYMENT_TARGET = 6.0;
				SDKROOT = iphoneos;
				TARGETED_DEVICE_FAMILY = "1,2";
			};
			name = Release;
		};
		16C04C0C1A853B8C00DCDC26 /* Debug */ = {
			isa = XCBuildConfiguration;
			buildSettings = {
				CLANG_ENABLE_OBJC_ARC = YES;
				EXECUTABLE_PREFIX = "";
				GCC_DYNAMIC_NO_PIC = NO;
				GCC_PREPROCESSOR_DEFINITIONS = (
					"DEBUG=1",
					"$(inherited)",
				);
				GCC_SYMBOLS_PRIVATE_EXTERN = NO;
				IPHONEOS_DEPLOYMENT_TARGET = 6.0;
				OTHER_LDFLAGS = "-ObjC";
				PRODUCT_NAME = "$(TARGET_NAME)";
				SKIP_INSTALL = YES;
				UNEXPORTED_SYMBOLS_FILE = SwissEphemeris/UnexportedSymbols.exp;
			};
			name = Debug;
		};
		16C04C0D1A853B8C00DCDC26 /* Release */ = {
			isa = XCBuildConfiguration;
			buildSettings = {
				CLANG_ENABLE_OBJC_ARC = YES;
				EXECUTABLE_PREFIX = "";
				IPHONEOS_DEPLOYMENT_TARGET = 6.0;
				OTHER_LDFLAGS = "-ObjC";
				PRODUCT_NAME = "$(TARGET_NAME)";
				SKIP_INSTALL = YES;
				UNEXPORTED_SYMBOLS_FILE = SwissEphemeris/UnexportedSymbols.exp;
				VALIDATE_PRODUCT = YES;
			};
			name = Release;
		};
		16C04C211A853F6400DCDC26 /* Debug */ = {
			isa = XCBuildConfiguration;
			buildSettings = {
				PRODUCT_NAME = "$(TARGET_NAME)";
			};
			name = Debug;
		};
		16C04C221A853F6400DCDC26 /* Release */ = {
			isa = XCBuildConfiguration;
			buildSettings = {
				PRODUCT_NAME = "$(TARGET_NAME)";
			};
			name = Release;
		};
/* End XCBuildConfiguration section */

/* Begin XCConfigurationList section */
		161810461A878D4E00708976 /* Build configuration list for PBXNativeTarget "SwissEphemeris" */ = {
			isa = XCConfigurationList;
			buildConfigurations = (
				161810471A878D4E00708976 /* Debug */,
				161810481A878D4E00708976 /* Release */,
			);
			defaultConfigurationIsVisible = 0;
			defaultConfigurationName = Release;
		};
		16B89E9E1A7BF08000D5068B /* Build configuration list for PBXProject "SwissEphemeris-iOS" */ = {
			isa = XCConfigurationList;
			buildConfigurations = (
				16B89EB81A7BF08000D5068B /* Debug */,
				16B89EB91A7BF08000D5068B /* Release */,
			);
			defaultConfigurationIsVisible = 0;
			defaultConfigurationName = Release;
		};
		16C04C0B1A853B8C00DCDC26 /* Build configuration list for PBXNativeTarget "libSwissEphemeris" */ = {
			isa = XCConfigurationList;
			buildConfigurations = (
				16C04C0C1A853B8C00DCDC26 /* Debug */,
				16C04C0D1A853B8C00DCDC26 /* Release */,
			);
			defaultConfigurationIsVisible = 0;
			defaultConfigurationName = Release;
		};
		16C04C201A853F6400DCDC26 /* Build configuration list for PBXAggregateTarget "Library" */ = {
			isa = XCConfigurationList;
			buildConfigurations = (
				16C04C211A853F6400DCDC26 /* Debug */,
				16C04C221A853F6400DCDC26 /* Release */,
			);
			defaultConfigurationIsVisible = 0;
			defaultConfigurationName = Release;
		};
/* End XCConfigurationList section */
	};
	rootObject = 16B89E9B1A7BF08000D5068B /* Project object */;
}
