<?xml version="1.0" encoding="UTF-8"?>
<Scheme
   LastUpgradeVersion = "0700"
   version = "1.7">
   <BuildAction
      parallelizeBuildables = "NO"
      buildImplicitDependencies = "YES">
      <PostActions>
         <ExecutionAction
            ActionType = "Xcode.IDEStandardExecutionActionsCore.ExecutionActionType.ShellScriptAction">
            <ActionContent
               title = "Run Script"
               scriptText = "cd &quot;${BUILD_DIR}/${CONFIGURATION}-iphoneuniversal&quot;&#10;&#10;rm libSwissEphemeris.zip&#10;zip libSwissEphemeris.zip -r -q *&#10;">
               <EnvironmentBuildable>
                  <BuildableReference
                     BuildableIdentifier = "primary"
                     BlueprintIdentifier = "16B065311A8A76B800702A06"
                     BuildableName = "libSwissEphemeris.a"
                     BlueprintName = "libSwissEphemeris"
                     ReferencedContainer = "container:SwissEphemeris.xcodeproj">
                  </BuildableReference>
               </EnvironmentBuildable>
            </ActionContent>
         </ExecutionAction>
         <ExecutionAction
            ActionType = "Xcode.IDEStandardExecutionActionsCore.ExecutionActionType.ShellScriptAction">
            <ActionContent
               title = "Run Script"
               scriptText = "cd &quot;${BUILD_DIR}/${CONFIGURATION}-iphonesimulator&quot;&#10;&#10;rm SwissEphemeris.framework.zip&#10;&#10;mkdir ArchiveTmp&#10;cd ArchiveTmp&#10;&#10;rsync ../SwissEphemeris.framework . --exclude-from=&quot;${SRCROOT}/Data/.gitignore&quot; -a&#10;zip ../SwissEphemeris.framework.zip -r -q SwissEphemeris.framework&#10;&#10;cd ..&#10;rm -r ArchiveTmp&#10;">
               <EnvironmentBuildable>
                  <BuildableReference
                     BuildableIdentifier = "primary"
                     BlueprintIdentifier = "16B065861A8A7A1200702A06"
                     BuildableName = "SwissEphemeris.framework"
                     BlueprintName = "SwissEphemeris-iOS"
                     ReferencedContainer = "container:SwissEphemeris.xcodeproj">
                  </BuildableReference>
               </EnvironmentBuildable>
            </ActionContent>
         </ExecutionAction>
      </PostActions>
      <BuildActionEntries>
         <BuildActionEntry
            buildForTesting = "YES"
            buildForRunning = "YES"
            buildForProfiling = "YES"
            buildForArchiving = "YES"
            buildForAnalyzing = "YES">
            <BuildableReference
               BuildableIdentifier = "primary"
               BlueprintIdentifier = "16B065311A8A76B800702A06"
               BuildableName = "libSwissEphemeris.a"
               BlueprintName = "libSwissEphemeris"
               ReferencedContainer = "container:SwissEphemeris.xcodeproj">
            </BuildableReference>
         </BuildActionEntry>
         <BuildActionEntry
            buildForTesting = "YES"
            buildForRunning = "YES"
            buildForProfiling = "YES"
            buildForArchiving = "YES"
            buildForAnalyzing = "YES">
            <BuildableReference
               BuildableIdentifier = "primary"
               BlueprintIdentifier = "16B065861A8A7A1200702A06"
               BuildableName = "SwissEphemeris.framework"
               BlueprintName = "SwissEphemeris-iOS"
               ReferencedContainer = "container:SwissEphemeris.xcodeproj">
            </BuildableReference>
         </BuildActionEntry>
      </BuildActionEntries>
   </BuildAction>
   <TestAction
      buildConfiguration = "Debug"
      selectedDebuggerIdentifier = "Xcode.DebuggerFoundation.Debugger.LLDB"
      selectedLauncherIdentifier = "Xcode.DebuggerFoundation.Launcher.LLDB"
      shouldUseLaunchSchemeArgsEnv = "YES">
      <Testables>
      </Testables>
      <MacroExpansion>
         <BuildableReference
            BuildableIdentifier = "primary"
            BlueprintIdentifier = "16B065311A8A76B800702A06"
            BuildableName = "libSwissEphemeris.a"
            BlueprintName = "libSwissEphemeris"
            ReferencedContainer = "container:SwissEphemeris.xcodeproj">
         </BuildableReference>
      </MacroExpansion>
      <AdditionalOptions>
      </AdditionalOptions>
   </TestAction>
   <LaunchAction
      buildConfiguration = "Debug"
      selectedDebuggerIdentifier = "Xcode.DebuggerFoundation.Debugger.LLDB"
      selectedLauncherIdentifier = "Xcode.DebuggerFoundation.Launcher.LLDB"
      launchStyle = "0"
      useCustomWorkingDirectory = "NO"
      ignoresPersistentStateOnLaunch = "NO"
      debugDocumentVersioning = "YES"
      debugServiceExtension = "internal"
      allowLocationSimulation = "YES">
      <MacroExpansion>
         <BuildableReference
            BuildableIdentifier = "primary"
            BlueprintIdentifier = "16B065311A8A76B800702A06"
            BuildableName = "libSwissEphemeris.a"
            BlueprintName = "libSwissEphemeris"
            ReferencedContainer = "container:SwissEphemeris.xcodeproj">
         </BuildableReference>
      </MacroExpansion>
      <AdditionalOptions>
      </AdditionalOptions>
   </LaunchAction>
   <ProfileAction
      buildConfiguration = "Release"
      shouldUseLaunchSchemeArgsEnv = "YES"
      savedToolIdentifier = ""
      useCustomWorkingDirectory = "NO"
      debugDocumentVersioning = "YES">
      <MacroExpansion>
         <BuildableReference
            BuildableIdentifier = "primary"
            BlueprintIdentifier = "16B065311A8A76B800702A06"
            BuildableName = "libSwissEphemeris.a"
            BlueprintName = "libSwissEphemeris"
            ReferencedContainer = "container:SwissEphemeris.xcodeproj">
         </BuildableReference>
      </MacroExpansion>
   </ProfileAction>
   <AnalyzeAction
      buildConfiguration = "Debug">
   </AnalyzeAction>
   <ArchiveAction
      buildConfiguration = "Release"
      revealArchiveInOrganizer = "YES">
   </ArchiveAction>
</Scheme>
